// !$*UTF8*$!
{
	archiveVersion = 1;
	classes = {
	};
	objectVersion = 46;
	objects = {

/* Begin PBXBuildFile section */
		00E356F31AD99517003FC87E /* monoTests.m in Sources */ = {isa = PBXBuildFile; fileRef = 00E356F21AD99517003FC87E /* monoTests.m */; };
		07550577E83A4DC29C4BA0BA /* libRNGestureHandler-tvOS.a in Frameworks */ = {isa = PBXBuildFile; fileRef = 175D2C8F39FF450593332C37 /* libRNGestureHandler-tvOS.a */; };
		0CA8A5CB7B31465EBFD64080 /* libRNSVG-tvOS.a in Frameworks */ = {isa = PBXBuildFile; fileRef = 6EE831FA71284FD9A62D0AF0 /* libRNSVG-tvOS.a */; };
		13B07FBC1A68108700A75B9A /* AppDelegate.m in Sources */ = {isa = PBXBuildFile; fileRef = 13B07FB01A68108700A75B9A /* AppDelegate.m */; };
		13B07FBD1A68108700A75B9A /* LaunchScreen.xib in Resources */ = {isa = PBXBuildFile; fileRef = 13B07FB11A68108700A75B9A /* LaunchScreen.xib */; };
		13B07FBF1A68108700A75B9A /* Images.xcassets in Resources */ = {isa = PBXBuildFile; fileRef = 13B07FB51A68108700A75B9A /* Images.xcassets */; };
		13B07FC11A68108700A75B9A /* main.m in Sources */ = {isa = PBXBuildFile; fileRef = 13B07FB71A68108700A75B9A /* main.m */; };
		2D02E4BC1E0B4A80006451C7 /* AppDelegate.m in Sources */ = {isa = PBXBuildFile; fileRef = 13B07FB01A68108700A75B9A /* AppDelegate.m */; };
		2D02E4BD1E0B4A84006451C7 /* Images.xcassets in Resources */ = {isa = PBXBuildFile; fileRef = 13B07FB51A68108700A75B9A /* Images.xcassets */; };
		2D02E4BF1E0B4AB3006451C7 /* main.m in Sources */ = {isa = PBXBuildFile; fileRef = 13B07FB71A68108700A75B9A /* main.m */; };
		2D16E6881FA4F8E400B85C8A /* libReact.a in Frameworks */ = {isa = PBXBuildFile; fileRef = 2D16E6891FA4F8E400B85C8A /* libReact.a */; };
		2DCD954D1E0B4F2C00145EB5 /* monoTests.m in Sources */ = {isa = PBXBuildFile; fileRef = 00E356F21AD99517003FC87E /* monoTests.m */; };
		86EDAF0EBD9C4B688342DECA /* libRNVectorIcons-tvOS.a in Frameworks */ = {isa = PBXBuildFile; fileRef = BF2B66A9DA2344559C5BBD5B /* libRNVectorIcons-tvOS.a */; };
		8F51FC1C28BDC29E9EFBA780 /* libPods-mono.a in Frameworks */ = {isa = PBXBuildFile; fileRef = FBB87ECB33906D6591FD1BF8 /* libPods-mono.a */; };
		B014AE558CEA411F896184F3 /* libRNCNetInfo-tvOS.a in Frameworks */ = {isa = PBXBuildFile; fileRef = F17B1902AC5E42E285BE966E /* libRNCNetInfo-tvOS.a */; };
		DA46B3302339BAEF008205ED /* GoogleService-Info.plist in Resources */ = {isa = PBXBuildFile; fileRef = DA46B32F2339BAEF008205ED /* GoogleService-Info.plist */; };
		DA46B3312339BAEF008205ED /* GoogleService-Info.plist in Resources */ = {isa = PBXBuildFile; fileRef = DA46B32F2339BAEF008205ED /* GoogleService-Info.plist */; };
		DA46B3322339BAEF008205ED /* GoogleService-Info.plist in Resources */ = {isa = PBXBuildFile; fileRef = DA46B32F2339BAEF008205ED /* GoogleService-Info.plist */; };
		DA46B3332339BAEF008205ED /* GoogleService-Info.plist in Resources */ = {isa = PBXBuildFile; fileRef = DA46B32F2339BAEF008205ED /* GoogleService-Info.plist */; };
		E7A26DA221C8A0E5DE190157 /* libPods-monoTests.a in Frameworks */ = {isa = PBXBuildFile; fileRef = 757F103D3203287CDCB95D91 /* libPods-monoTests.a */; };
		ED297163215061F000B7C4FE /* JavaScriptCore.framework in Frameworks */ = {isa = PBXBuildFile; fileRef = ED297162215061F000B7C4FE /* JavaScriptCore.framework */; };
		ED2971652150620600B7C4FE /* JavaScriptCore.framework in Frameworks */ = {isa = PBXBuildFile; fileRef = ED2971642150620600B7C4FE /* JavaScriptCore.framework */; };
/* End PBXBuildFile section */

/* Begin PBXContainerItemProxy section */
		00E356F41AD99517003FC87E /* PBXContainerItemProxy */ = {
			isa = PBXContainerItemProxy;
			containerPortal = 83CBB9F71A601CBA00E9B192 /* Project object */;
			proxyType = 1;
			remoteGlobalIDString = 13B07F861A680F5B00A75B9A;
			remoteInfo = mono;
		};
		2D02E4911E0B4A5D006451C7 /* PBXContainerItemProxy */ = {
			isa = PBXContainerItemProxy;
			containerPortal = 83CBB9F71A601CBA00E9B192 /* Project object */;
			proxyType = 1;
			remoteGlobalIDString = 2D02E47A1E0B4A5D006451C7;
			remoteInfo = "mono-tvOS";
		};
		DA3D694E2339D80B00BD4395 /* PBXContainerItemProxy */ = {
			isa = PBXContainerItemProxy;
			containerPortal = 81A320FD4ED04309BEE8A250 /* RNFirebase.xcodeproj */;
			proxyType = 2;
			remoteGlobalIDString = 134814201AA4EA6300B7C361;
			remoteInfo = RNFirebase;
		};
/* End PBXContainerItemProxy section */

/* Begin PBXFileReference section */
		008F07F21AC5B25A0029DE68 /* main.jsbundle */ = {isa = PBXFileReference; fileEncoding = 4; lastKnownFileType = text; path = main.jsbundle; sourceTree = "<group>"; };
		00E356EE1AD99517003FC87E /* monoTests.xctest */ = {isa = PBXFileReference; explicitFileType = wrapper.cfbundle; includeInIndex = 0; path = monoTests.xctest; sourceTree = BUILT_PRODUCTS_DIR; };
		00E356F11AD99517003FC87E /* Info.plist */ = {isa = PBXFileReference; lastKnownFileType = text.plist.xml; path = Info.plist; sourceTree = "<group>"; };
		00E356F21AD99517003FC87E /* monoTests.m */ = {isa = PBXFileReference; lastKnownFileType = sourcecode.c.objc; path = monoTests.m; sourceTree = "<group>"; };
		09B041DD93B6C5C37016753E /* Pods-monoTests.debug.xcconfig */ = {isa = PBXFileReference; includeInIndex = 1; lastKnownFileType = text.xcconfig; name = "Pods-monoTests.debug.xcconfig"; path = "Target Support Files/Pods-monoTests/Pods-monoTests.debug.xcconfig"; sourceTree = "<group>"; };
		13172072B3C546AFB6DB57ED /* libRNImagePicker.a */ = {isa = PBXFileReference; explicitFileType = undefined; fileEncoding = 9; includeInIndex = 0; lastKnownFileType = archive.ar; path = libRNImagePicker.a; sourceTree = "<group>"; };
		13B07F961A680F5B00A75B9A /* mono.app */ = {isa = PBXFileReference; explicitFileType = wrapper.application; includeInIndex = 0; path = mono.app; sourceTree = BUILT_PRODUCTS_DIR; };
		13B07FAF1A68108700A75B9A /* AppDelegate.h */ = {isa = PBXFileReference; fileEncoding = 4; lastKnownFileType = sourcecode.c.h; name = AppDelegate.h; path = mono/AppDelegate.h; sourceTree = "<group>"; };
		13B07FB01A68108700A75B9A /* AppDelegate.m */ = {isa = PBXFileReference; fileEncoding = 4; lastKnownFileType = sourcecode.c.objc; name = AppDelegate.m; path = mono/AppDelegate.m; sourceTree = "<group>"; };
		13B07FB21A68108700A75B9A /* Base */ = {isa = PBXFileReference; lastKnownFileType = file.xib; name = Base; path = Base.lproj/LaunchScreen.xib; sourceTree = "<group>"; };
		13B07FB51A68108700A75B9A /* Images.xcassets */ = {isa = PBXFileReference; lastKnownFileType = folder.assetcatalog; name = Images.xcassets; path = mono/Images.xcassets; sourceTree = "<group>"; };
		13B07FB61A68108700A75B9A /* Info.plist */ = {isa = PBXFileReference; fileEncoding = 4; lastKnownFileType = text.plist.xml; name = Info.plist; path = mono/Info.plist; sourceTree = "<group>"; };
		13B07FB71A68108700A75B9A /* main.m */ = {isa = PBXFileReference; fileEncoding = 4; lastKnownFileType = sourcecode.c.objc; name = main.m; path = mono/main.m; sourceTree = "<group>"; };
		175D2C8F39FF450593332C37 /* libRNGestureHandler-tvOS.a */ = {isa = PBXFileReference; explicitFileType = undefined; fileEncoding = 9; includeInIndex = 0; lastKnownFileType = archive.ar; path = "libRNGestureHandler-tvOS.a"; sourceTree = "<group>"; };
		27712695420E4CC18C1409BE /* libRNGooglePlaces.a */ = {isa = PBXFileReference; explicitFileType = undefined; fileEncoding = 9; includeInIndex = 0; lastKnownFileType = archive.ar; path = libRNGooglePlaces.a; sourceTree = "<group>"; };
		278A72CC2C4A4561AED8C6E6 /* Feather.ttf */ = {isa = PBXFileReference; explicitFileType = undefined; fileEncoding = 9; includeInIndex = 0; lastKnownFileType = unknown; name = Feather.ttf; path = "../node_modules/react-native-vector-icons/Fonts/Feather.ttf"; sourceTree = "<group>"; };
		2AB42D0FD9E846468F7577AF /* libRNFS.a */ = {isa = PBXFileReference; explicitFileType = undefined; fileEncoding = 9; includeInIndex = 0; lastKnownFileType = archive.ar; path = libRNFS.a; sourceTree = "<group>"; };
		2B4A5C96AF7244B7A76D8C19 /* Octicons.ttf */ = {isa = PBXFileReference; explicitFileType = undefined; fileEncoding = 9; includeInIndex = 0; lastKnownFileType = unknown; name = Octicons.ttf; path = "../node_modules/react-native-vector-icons/Fonts/Octicons.ttf"; sourceTree = "<group>"; };
		2D02E47B1E0B4A5D006451C7 /* mono-tvOS.app */ = {isa = PBXFileReference; explicitFileType = wrapper.application; includeInIndex = 0; path = "mono-tvOS.app"; sourceTree = BUILT_PRODUCTS_DIR; };
		2D02E4901E0B4A5D006451C7 /* mono-tvOSTests.xctest */ = {isa = PBXFileReference; explicitFileType = wrapper.cfbundle; includeInIndex = 0; path = "mono-tvOSTests.xctest"; sourceTree = BUILT_PRODUCTS_DIR; };
		2D16E6891FA4F8E400B85C8A /* libReact.a */ = {isa = PBXFileReference; explicitFileType = archive.ar; path = libReact.a; sourceTree = BUILT_PRODUCTS_DIR; };
		320B8ADDA38A4EF0AC8FFF4A /* Foundation.ttf */ = {isa = PBXFileReference; explicitFileType = undefined; fileEncoding = 9; includeInIndex = 0; lastKnownFileType = unknown; name = Foundation.ttf; path = "../node_modules/react-native-vector-icons/Fonts/Foundation.ttf"; sourceTree = "<group>"; };
		3DD9B4C08B7D486EBB9C06E9 /* libRCTWebRTC.a */ = {isa = PBXFileReference; explicitFileType = undefined; fileEncoding = 9; includeInIndex = 0; lastKnownFileType = archive.ar; path = libRCTWebRTC.a; sourceTree = "<group>"; };
		3EB2E311D6E04261A03D657F /* libRNDocumentPicker.a */ = {isa = PBXFileReference; explicitFileType = undefined; fileEncoding = 9; includeInIndex = 0; lastKnownFileType = archive.ar; path = libRNDocumentPicker.a; sourceTree = "<group>"; };
		4316DCDFA6D14AEF9EFE0317 /* libRNSVG.a */ = {isa = PBXFileReference; explicitFileType = undefined; fileEncoding = 9; includeInIndex = 0; lastKnownFileType = archive.ar; path = libRNSVG.a; sourceTree = "<group>"; };
		497A474115EF428C98523C9D /* libRNCamera.a */ = {isa = PBXFileReference; explicitFileType = undefined; fileEncoding = 9; includeInIndex = 0; lastKnownFileType = archive.ar; path = libRNCamera.a; sourceTree = "<group>"; };
		50DD36E8C55244BFBF5830CC /* libReactNativePermissions.a */ = {isa = PBXFileReference; explicitFileType = undefined; fileEncoding = 9; includeInIndex = 0; lastKnownFileType = archive.ar; path = libReactNativePermissions.a; sourceTree = "<group>"; };
		5B39B15A4A9748E3A730C402 /* MaterialCommunityIcons.ttf */ = {isa = PBXFileReference; explicitFileType = undefined; fileEncoding = 9; includeInIndex = 0; lastKnownFileType = unknown; name = MaterialCommunityIcons.ttf; path = "../node_modules/react-native-vector-icons/Fonts/MaterialCommunityIcons.ttf"; sourceTree = "<group>"; };
		5B8585CA49F2441FA444DFFA /* libRNFetchBlob.a */ = {isa = PBXFileReference; explicitFileType = undefined; fileEncoding = 9; includeInIndex = 0; lastKnownFileType = archive.ar; path = libRNFetchBlob.a; sourceTree = "<group>"; };
		5F5823BAB9234F5C9A713C40 /* FontAwesome5_Brands.ttf */ = {isa = PBXFileReference; explicitFileType = undefined; fileEncoding = 9; includeInIndex = 0; lastKnownFileType = unknown; name = FontAwesome5_Brands.ttf; path = "../node_modules/react-native-vector-icons/Fonts/FontAwesome5_Brands.ttf"; sourceTree = "<group>"; };
		685A5D1E4F3141998828616D /* libReactNativeCameraKit.a */ = {isa = PBXFileReference; explicitFileType = undefined; fileEncoding = 9; includeInIndex = 0; lastKnownFileType = archive.ar; path = libReactNativeCameraKit.a; sourceTree = "<group>"; };
		6EE831FA71284FD9A62D0AF0 /* libRNSVG-tvOS.a */ = {isa = PBXFileReference; explicitFileType = undefined; fileEncoding = 9; includeInIndex = 0; lastKnownFileType = archive.ar; path = "libRNSVG-tvOS.a"; sourceTree = "<group>"; };
		757F103D3203287CDCB95D91 /* libPods-monoTests.a */ = {isa = PBXFileReference; explicitFileType = archive.ar; includeInIndex = 0; path = "libPods-monoTests.a"; sourceTree = BUILT_PRODUCTS_DIR; };
		77D7EC7EB901A1FBB7282C47 /* Pods-mono.release.xcconfig */ = {isa = PBXFileReference; includeInIndex = 1; lastKnownFileType = text.xcconfig; name = "Pods-mono.release.xcconfig"; path = "Target Support Files/Pods-mono/Pods-mono.release.xcconfig"; sourceTree = "<group>"; };
		7CCE836C2594498C8DAE56B0 /* libAirMaps.a */ = {isa = PBXFileReference; explicitFileType = undefined; fileEncoding = 9; includeInIndex = 0; lastKnownFileType = archive.ar; path = libAirMaps.a; sourceTree = "<group>"; };
		7EBFE57A9C7A41BB84AE223E /* FontAwesome5_Solid.ttf */ = {isa = PBXFileReference; explicitFileType = undefined; fileEncoding = 9; includeInIndex = 0; lastKnownFileType = unknown; name = FontAwesome5_Solid.ttf; path = "../node_modules/react-native-vector-icons/Fonts/FontAwesome5_Solid.ttf"; sourceTree = "<group>"; };
		81849C1C96724AC8A4C79D57 /* AntDesign.ttf */ = {isa = PBXFileReference; explicitFileType = undefined; fileEncoding = 9; includeInIndex = 0; lastKnownFileType = unknown; name = AntDesign.ttf; path = "../node_modules/react-native-vector-icons/Fonts/AntDesign.ttf"; sourceTree = "<group>"; };
		81A320FD4ED04309BEE8A250 /* RNFirebase.xcodeproj */ = {isa = PBXFileReference; explicitFileType = undefined; fileEncoding = 9; includeInIndex = 0; lastKnownFileType = "wrapper.pb-project"; name = RNFirebase.xcodeproj; path = "../node_modules/react-native-firebase/ios/RNFirebase.xcodeproj"; sourceTree = "<group>"; };
		85FAEA8DDCC4439E9655E645 /* EvilIcons.ttf */ = {isa = PBXFileReference; explicitFileType = undefined; fileEncoding = 9; includeInIndex = 0; lastKnownFileType = unknown; name = EvilIcons.ttf; path = "../node_modules/react-native-vector-icons/Fonts/EvilIcons.ttf"; sourceTree = "<group>"; };
		95322F625DFD4266B5C4DD88 /* libRNSpinkit.a */ = {isa = PBXFileReference; explicitFileType = undefined; fileEncoding = 9; includeInIndex = 0; lastKnownFileType = archive.ar; path = libRNSpinkit.a; sourceTree = "<group>"; };
		A1A46E847C23E66D15B9B7A0 /* Pods-monoTests.release.xcconfig */ = {isa = PBXFileReference; includeInIndex = 1; lastKnownFileType = text.xcconfig; name = "Pods-monoTests.release.xcconfig"; path = "Target Support Files/Pods-monoTests/Pods-monoTests.release.xcconfig"; sourceTree = "<group>"; };
		A7EF24A70A0F4F4CAF951CA0 /* MaterialIcons.ttf */ = {isa = PBXFileReference; explicitFileType = undefined; fileEncoding = 9; includeInIndex = 0; lastKnownFileType = unknown; name = MaterialIcons.ttf; path = "../node_modules/react-native-vector-icons/Fonts/MaterialIcons.ttf"; sourceTree = "<group>"; };
		ABF2897149BB4997A0CF1859 /* Ionicons.ttf */ = {isa = PBXFileReference; explicitFileType = undefined; fileEncoding = 9; includeInIndex = 0; lastKnownFileType = unknown; name = Ionicons.ttf; path = "../node_modules/react-native-vector-icons/Fonts/Ionicons.ttf"; sourceTree = "<group>"; };
		AE47B2AE2A2043B19C39F1F3 /* libRNCAsyncStorage.a */ = {isa = PBXFileReference; explicitFileType = undefined; fileEncoding = 9; includeInIndex = 0; lastKnownFileType = archive.ar; path = libRNCAsyncStorage.a; sourceTree = "<group>"; };
		AF7C6BFB3E084A0C8224A6E4 /* FontAwesome.ttf */ = {isa = PBXFileReference; explicitFileType = undefined; fileEncoding = 9; includeInIndex = 0; lastKnownFileType = unknown; name = FontAwesome.ttf; path = "../node_modules/react-native-vector-icons/Fonts/FontAwesome.ttf"; sourceTree = "<group>"; };
		B3C8000E649442BD9EBC1FAE /* libRNVectorIcons.a */ = {isa = PBXFileReference; explicitFileType = undefined; fileEncoding = 9; includeInIndex = 0; lastKnownFileType = archive.ar; path = libRNVectorIcons.a; sourceTree = "<group>"; };
		BE6C8E3F068C4B77A4F7E9E3 /* FontAwesome5_Regular.ttf */ = {isa = PBXFileReference; explicitFileType = undefined; fileEncoding = 9; includeInIndex = 0; lastKnownFileType = unknown; name = FontAwesome5_Regular.ttf; path = "../node_modules/react-native-vector-icons/Fonts/FontAwesome5_Regular.ttf"; sourceTree = "<group>"; };
		BF2B66A9DA2344559C5BBD5B /* libRNVectorIcons-tvOS.a */ = {isa = PBXFileReference; explicitFileType = undefined; fileEncoding = 9; includeInIndex = 0; lastKnownFileType = archive.ar; path = "libRNVectorIcons-tvOS.a"; sourceTree = "<group>"; };
		C1A739ED874A48C7B99CBD65 /* Entypo.ttf */ = {isa = PBXFileReference; explicitFileType = undefined; fileEncoding = 9; includeInIndex = 0; lastKnownFileType = unknown; name = Entypo.ttf; path = "../node_modules/react-native-vector-icons/Fonts/Entypo.ttf"; sourceTree = "<group>"; };
		CA57C3F4D041465EA50CB5FC /* libRNFirebase.a */ = {isa = PBXFileReference; explicitFileType = undefined; fileEncoding = 9; includeInIndex = 0; lastKnownFileType = archive.ar; path = libRNFirebase.a; sourceTree = "<group>"; };
		CF877362756E4CF481D5C9B1 /* Zocial.ttf */ = {isa = PBXFileReference; explicitFileType = undefined; fileEncoding = 9; includeInIndex = 0; lastKnownFileType = unknown; name = Zocial.ttf; path = "../node_modules/react-native-vector-icons/Fonts/Zocial.ttf"; sourceTree = "<group>"; };
		D1BE68F6AA33401E8207B74F /* libRNCNetInfo.a */ = {isa = PBXFileReference; explicitFileType = undefined; fileEncoding = 9; includeInIndex = 0; lastKnownFileType = archive.ar; path = libRNCNetInfo.a; sourceTree = "<group>"; };
		D49096361197471885C3671D /* libRNRandomBytes.a */ = {isa = PBXFileReference; explicitFileType = undefined; fileEncoding = 9; includeInIndex = 0; lastKnownFileType = archive.ar; path = libRNRandomBytes.a; sourceTree = "<group>"; };
		D9F90355FE2345DFAF10C3E8 /* libFastImage.a */ = {isa = PBXFileReference; explicitFileType = undefined; fileEncoding = 9; includeInIndex = 0; lastKnownFileType = archive.ar; path = libFastImage.a; sourceTree = "<group>"; };
		DA3D69542339DB3F00BD4395 /* libReact.a */ = {isa = PBXFileReference; explicitFileType = archive.ar; path = libReact.a; sourceTree = BUILT_PRODUCTS_DIR; };
		DA3D69572339DB5D00BD4395 /* libreact-native-sensitive-info.a */ = {isa = PBXFileReference; explicitFileType = archive.ar; path = "libreact-native-sensitive-info.a"; sourceTree = BUILT_PRODUCTS_DIR; };
		DA46B32F2339BAEF008205ED /* GoogleService-Info.plist */ = {isa = PBXFileReference; fileEncoding = 4; lastKnownFileType = text.plist.xml; path = "GoogleService-Info.plist"; sourceTree = "<group>"; };
		E2A9ED74C38E4564A53DB8E8 /* libRCTImageResizer.a */ = {isa = PBXFileReference; explicitFileType = undefined; fileEncoding = 9; includeInIndex = 0; lastKnownFileType = archive.ar; path = libRCTImageResizer.a; sourceTree = "<group>"; };
		ED297162215061F000B7C4FE /* JavaScriptCore.framework */ = {isa = PBXFileReference; lastKnownFileType = wrapper.framework; name = JavaScriptCore.framework; path = System/Library/Frameworks/JavaScriptCore.framework; sourceTree = SDKROOT; };
		ED2971642150620600B7C4FE /* JavaScriptCore.framework */ = {isa = PBXFileReference; lastKnownFileType = wrapper.framework; name = JavaScriptCore.framework; path = Platforms/AppleTVOS.platform/Developer/SDKs/AppleTVOS12.0.sdk/System/Library/Frameworks/JavaScriptCore.framework; sourceTree = DEVELOPER_DIR; };
		EF2C9268DC0B49AEA8FC661C /* SimpleLineIcons.ttf */ = {isa = PBXFileReference; explicitFileType = undefined; fileEncoding = 9; includeInIndex = 0; lastKnownFileType = unknown; name = SimpleLineIcons.ttf; path = "../node_modules/react-native-vector-icons/Fonts/SimpleLineIcons.ttf"; sourceTree = "<group>"; };
		F054C452F197480BA2A6575A /* libRNGestureHandler.a */ = {isa = PBXFileReference; explicitFileType = undefined; fileEncoding = 9; includeInIndex = 0; lastKnownFileType = archive.ar; path = libRNGestureHandler.a; sourceTree = "<group>"; };
		F17B1902AC5E42E285BE966E /* libRNCNetInfo-tvOS.a */ = {isa = PBXFileReference; explicitFileType = undefined; fileEncoding = 9; includeInIndex = 0; lastKnownFileType = archive.ar; path = "libRNCNetInfo-tvOS.a"; sourceTree = "<group>"; };
		F6C714783E2D1B3891D96BDA /* Pods-mono.debug.xcconfig */ = {isa = PBXFileReference; includeInIndex = 1; lastKnownFileType = text.xcconfig; name = "Pods-mono.debug.xcconfig"; path = "Target Support Files/Pods-mono/Pods-mono.debug.xcconfig"; sourceTree = "<group>"; };
		FBB87ECB33906D6591FD1BF8 /* libPods-mono.a */ = {isa = PBXFileReference; explicitFileType = archive.ar; includeInIndex = 0; path = "libPods-mono.a"; sourceTree = BUILT_PRODUCTS_DIR; };
/* End PBXFileReference section */

/* Begin PBXFrameworksBuildPhase section */
		00E356EB1AD99517003FC87E /* Frameworks */ = {
			isa = PBXFrameworksBuildPhase;
			buildActionMask = 2147483647;
			files = (
				E7A26DA221C8A0E5DE190157 /* libPods-monoTests.a in Frameworks */,
			);
			runOnlyForDeploymentPostprocessing = 0;
		};
		13B07F8C1A680F5B00A75B9A /* Frameworks */ = {
			isa = PBXFrameworksBuildPhase;
			buildActionMask = 2147483647;
			files = (
				ED297163215061F000B7C4FE /* JavaScriptCore.framework in Frameworks */,
				8F51FC1C28BDC29E9EFBA780 /* libPods-mono.a in Frameworks */,
			);
			runOnlyForDeploymentPostprocessing = 0;
		};
		2D02E4781E0B4A5D006451C7 /* Frameworks */ = {
			isa = PBXFrameworksBuildPhase;
			buildActionMask = 2147483647;
			files = (
				ED2971652150620600B7C4FE /* JavaScriptCore.framework in Frameworks */,
				2D16E6881FA4F8E400B85C8A /* libReact.a in Frameworks */,
				07550577E83A4DC29C4BA0BA /* libRNGestureHandler-tvOS.a in Frameworks */,
				86EDAF0EBD9C4B688342DECA /* libRNVectorIcons-tvOS.a in Frameworks */,
				0CA8A5CB7B31465EBFD64080 /* libRNSVG-tvOS.a in Frameworks */,
				B014AE558CEA411F896184F3 /* libRNCNetInfo-tvOS.a in Frameworks */,
			);
			runOnlyForDeploymentPostprocessing = 0;
		};
		2D02E48D1E0B4A5D006451C7 /* Frameworks */ = {
			isa = PBXFrameworksBuildPhase;
			buildActionMask = 2147483647;
			files = (
			);
			runOnlyForDeploymentPostprocessing = 0;
		};
/* End PBXFrameworksBuildPhase section */

/* Begin PBXGroup section */
		00E356EF1AD99517003FC87E /* monoTests */ = {
			isa = PBXGroup;
			children = (
				00E356F21AD99517003FC87E /* monoTests.m */,
				00E356F01AD99517003FC87E /* Supporting Files */,
			);
			path = monoTests;
			sourceTree = "<group>";
		};
		00E356F01AD99517003FC87E /* Supporting Files */ = {
			isa = PBXGroup;
			children = (
				00E356F11AD99517003FC87E /* Info.plist */,
			);
			name = "Supporting Files";
			sourceTree = "<group>";
		};
		13B07FAE1A68108700A75B9A /* mono */ = {
			isa = PBXGroup;
			children = (
				DA46B32F2339BAEF008205ED /* GoogleService-Info.plist */,
				008F07F21AC5B25A0029DE68 /* main.jsbundle */,
				13B07FAF1A68108700A75B9A /* AppDelegate.h */,
				13B07FB01A68108700A75B9A /* AppDelegate.m */,
				13B07FB51A68108700A75B9A /* Images.xcassets */,
				13B07FB61A68108700A75B9A /* Info.plist */,
				13B07FB11A68108700A75B9A /* LaunchScreen.xib */,
				13B07FB71A68108700A75B9A /* main.m */,
			);
			name = mono;
			sourceTree = "<group>";
		};
		2D16E6871FA4F8E400B85C8A /* Frameworks */ = {
			isa = PBXGroup;
			children = (
				DA3D69572339DB5D00BD4395 /* libreact-native-sensitive-info.a */,
				DA3D69542339DB3F00BD4395 /* libReact.a */,
				ED297162215061F000B7C4FE /* JavaScriptCore.framework */,
				ED2971642150620600B7C4FE /* JavaScriptCore.framework */,
				2D16E6891FA4F8E400B85C8A /* libReact.a */,
				FBB87ECB33906D6591FD1BF8 /* libPods-mono.a */,
				757F103D3203287CDCB95D91 /* libPods-monoTests.a */,
			);
			name = Frameworks;
			sourceTree = "<group>";
		};
		832341AE1AAA6A7D00B99B32 /* Libraries */ = {
			isa = PBXGroup;
			children = (
				81A320FD4ED04309BEE8A250 /* RNFirebase.xcodeproj */,
			);
			name = Libraries;
			sourceTree = "<group>";
		};
		83CBB9F61A601CBA00E9B192 = {
			isa = PBXGroup;
			children = (
				13B07FAE1A68108700A75B9A /* mono */,
				832341AE1AAA6A7D00B99B32 /* Libraries */,
				00E356EF1AD99517003FC87E /* monoTests */,
				83CBBA001A601CBA00E9B192 /* Products */,
				2D16E6871FA4F8E400B85C8A /* Frameworks */,
				CFEE808A94EF472CACF1B0B9 /* Resources */,
				DA46B05D2339AC6A008205ED /* Recovered References */,
				E1E556FF4970329B9DC63735 /* Pods */,
			);
			indentWidth = 2;
			sourceTree = "<group>";
			tabWidth = 2;
			usesTabs = 0;
		};
		83CBBA001A601CBA00E9B192 /* Products */ = {
			isa = PBXGroup;
			children = (
				13B07F961A680F5B00A75B9A /* mono.app */,
				00E356EE1AD99517003FC87E /* monoTests.xctest */,
				2D02E47B1E0B4A5D006451C7 /* mono-tvOS.app */,
				2D02E4901E0B4A5D006451C7 /* mono-tvOSTests.xctest */,
			);
			name = Products;
			sourceTree = "<group>";
		};
		CFEE808A94EF472CACF1B0B9 /* Resources */ = {
			isa = PBXGroup;
			children = (
				81849C1C96724AC8A4C79D57 /* AntDesign.ttf */,
				C1A739ED874A48C7B99CBD65 /* Entypo.ttf */,
				85FAEA8DDCC4439E9655E645 /* EvilIcons.ttf */,
				278A72CC2C4A4561AED8C6E6 /* Feather.ttf */,
				AF7C6BFB3E084A0C8224A6E4 /* FontAwesome.ttf */,
				5F5823BAB9234F5C9A713C40 /* FontAwesome5_Brands.ttf */,
				BE6C8E3F068C4B77A4F7E9E3 /* FontAwesome5_Regular.ttf */,
				7EBFE57A9C7A41BB84AE223E /* FontAwesome5_Solid.ttf */,
				320B8ADDA38A4EF0AC8FFF4A /* Foundation.ttf */,
				ABF2897149BB4997A0CF1859 /* Ionicons.ttf */,
				5B39B15A4A9748E3A730C402 /* MaterialCommunityIcons.ttf */,
				A7EF24A70A0F4F4CAF951CA0 /* MaterialIcons.ttf */,
				2B4A5C96AF7244B7A76D8C19 /* Octicons.ttf */,
				EF2C9268DC0B49AEA8FC661C /* SimpleLineIcons.ttf */,
				CF877362756E4CF481D5C9B1 /* Zocial.ttf */,
			);
			name = Resources;
			sourceTree = "<group>";
		};
		DA3D694B2339D80B00BD4395 /* Products */ = {
			isa = PBXGroup;
			children = (
				DA3D694F2339D80B00BD4395 /* libRNFirebase.a */,
			);
			name = Products;
			sourceTree = "<group>";
		};
		DA46B05D2339AC6A008205ED /* Recovered References */ = {
			isa = PBXGroup;
			children = (
				CA57C3F4D041465EA50CB5FC /* libRNFirebase.a */,
				F054C452F197480BA2A6575A /* libRNGestureHandler.a */,
				B3C8000E649442BD9EBC1FAE /* libRNVectorIcons.a */,
				4316DCDFA6D14AEF9EFE0317 /* libRNSVG.a */,
				497A474115EF428C98523C9D /* libRNCamera.a */,
				50DD36E8C55244BFBF5830CC /* libReactNativePermissions.a */,
				2AB42D0FD9E846468F7577AF /* libRNFS.a */,
				D9F90355FE2345DFAF10C3E8 /* libFastImage.a */,
				95322F625DFD4266B5C4DD88 /* libRNSpinkit.a */,
				AE47B2AE2A2043B19C39F1F3 /* libRNCAsyncStorage.a */,
				7CCE836C2594498C8DAE56B0 /* libAirMaps.a */,
				685A5D1E4F3141998828616D /* libReactNativeCameraKit.a */,
				3EB2E311D6E04261A03D657F /* libRNDocumentPicker.a */,
				D1BE68F6AA33401E8207B74F /* libRNCNetInfo.a */,
				5B8585CA49F2441FA444DFFA /* libRNFetchBlob.a */,
				D49096361197471885C3671D /* libRNRandomBytes.a */,
				3DD9B4C08B7D486EBB9C06E9 /* libRCTWebRTC.a */,
				13172072B3C546AFB6DB57ED /* libRNImagePicker.a */,
				E2A9ED74C38E4564A53DB8E8 /* libRCTImageResizer.a */,
				175D2C8F39FF450593332C37 /* libRNGestureHandler-tvOS.a */,
				BF2B66A9DA2344559C5BBD5B /* libRNVectorIcons-tvOS.a */,
				6EE831FA71284FD9A62D0AF0 /* libRNSVG-tvOS.a */,
				F17B1902AC5E42E285BE966E /* libRNCNetInfo-tvOS.a */,
				27712695420E4CC18C1409BE /* libRNGooglePlaces.a */,
			);
			name = "Recovered References";
			sourceTree = "<group>";
		};
		E1E556FF4970329B9DC63735 /* Pods */ = {
			isa = PBXGroup;
			children = (
				F6C714783E2D1B3891D96BDA /* Pods-mono.debug.xcconfig */,
				77D7EC7EB901A1FBB7282C47 /* Pods-mono.release.xcconfig */,
				09B041DD93B6C5C37016753E /* Pods-monoTests.debug.xcconfig */,
				A1A46E847C23E66D15B9B7A0 /* Pods-monoTests.release.xcconfig */,
			);
			path = Pods;
			sourceTree = "<group>";
		};
/* End PBXGroup section */

/* Begin PBXNativeTarget section */
		00E356ED1AD99517003FC87E /* monoTests */ = {
			isa = PBXNativeTarget;
			buildConfigurationList = 00E357021AD99517003FC87E /* Build configuration list for PBXNativeTarget "monoTests" */;
			buildPhases = (
				5AEEA935A9421F0149BE385D /* [CP] Check Pods Manifest.lock */,
				00E356EA1AD99517003FC87E /* Sources */,
				00E356EB1AD99517003FC87E /* Frameworks */,
				00E356EC1AD99517003FC87E /* Resources */,
				3C212D363754BDE42B2CDDCF /* [CP] Copy Pods Resources */,
				4C0A3A74D7C7B0EB24E2604A /* [CP] Embed Pods Frameworks */,
			);
			buildRules = (
			);
			dependencies = (
				00E356F51AD99517003FC87E /* PBXTargetDependency */,
			);
			name = monoTests;
			productName = monoTests;
			productReference = 00E356EE1AD99517003FC87E /* monoTests.xctest */;
			productType = "com.apple.product-type.bundle.unit-test";
		};
		13B07F861A680F5B00A75B9A /* mono */ = {
			isa = PBXNativeTarget;
			buildConfigurationList = 13B07F931A680F5B00A75B9A /* Build configuration list for PBXNativeTarget "mono" */;
			buildPhases = (
				9C626F3E9357E10095F06486 /* [CP] Check Pods Manifest.lock */,
				13B07F871A680F5B00A75B9A /* Sources */,
				13B07F8C1A680F5B00A75B9A /* Frameworks */,
				13B07F8E1A680F5B00A75B9A /* Resources */,
				00DD1BFF1BD5951E006B06BC /* Bundle React Native code and images */,
				FD50A4EDF4D744B0210452B5 /* [CP] Copy Pods Resources */,
				F166117A855022164A7EA190 /* [CP] Embed Pods Frameworks */,
			);
			buildRules = (
			);
			dependencies = (
			);
			name = mono;
			productName = "Hello World";
			productReference = 13B07F961A680F5B00A75B9A /* mono.app */;
			productType = "com.apple.product-type.application";
		};
		2D02E47A1E0B4A5D006451C7 /* mono-tvOS */ = {
			isa = PBXNativeTarget;
			buildConfigurationList = 2D02E4BA1E0B4A5E006451C7 /* Build configuration list for PBXNativeTarget "mono-tvOS" */;
			buildPhases = (
				2D02E4771E0B4A5D006451C7 /* Sources */,
				2D02E4781E0B4A5D006451C7 /* Frameworks */,
				2D02E4791E0B4A5D006451C7 /* Resources */,
				2D02E4CB1E0B4B27006451C7 /* Bundle React Native Code And Images */,
			);
			buildRules = (
			);
			dependencies = (
			);
			name = "mono-tvOS";
			productName = "mono-tvOS";
			productReference = 2D02E47B1E0B4A5D006451C7 /* mono-tvOS.app */;
			productType = "com.apple.product-type.application";
		};
		2D02E48F1E0B4A5D006451C7 /* mono-tvOSTests */ = {
			isa = PBXNativeTarget;
			buildConfigurationList = 2D02E4BB1E0B4A5E006451C7 /* Build configuration list for PBXNativeTarget "mono-tvOSTests" */;
			buildPhases = (
				2D02E48C1E0B4A5D006451C7 /* Sources */,
				2D02E48D1E0B4A5D006451C7 /* Frameworks */,
				2D02E48E1E0B4A5D006451C7 /* Resources */,
			);
			buildRules = (
			);
			dependencies = (
				2D02E4921E0B4A5D006451C7 /* PBXTargetDependency */,
			);
			name = "mono-tvOSTests";
			productName = "mono-tvOSTests";
			productReference = 2D02E4901E0B4A5D006451C7 /* mono-tvOSTests.xctest */;
			productType = "com.apple.product-type.bundle.unit-test";
		};
/* End PBXNativeTarget section */

/* Begin PBXProject section */
		83CBB9F71A601CBA00E9B192 /* Project object */ = {
			isa = PBXProject;
			attributes = {
				LastUpgradeCheck = 940;
				ORGANIZATIONNAME = Facebook;
				TargetAttributes = {
					00E356ED1AD99517003FC87E = {
						CreatedOnToolsVersion = 6.2;
						TestTargetID = 13B07F861A680F5B00A75B9A;
					};
					2D02E47A1E0B4A5D006451C7 = {
						CreatedOnToolsVersion = 8.2.1;
						ProvisioningStyle = Automatic;
					};
					2D02E48F1E0B4A5D006451C7 = {
						CreatedOnToolsVersion = 8.2.1;
						ProvisioningStyle = Automatic;
						TestTargetID = 2D02E47A1E0B4A5D006451C7;
					};
				};
			};
			buildConfigurationList = 83CBB9FA1A601CBA00E9B192 /* Build configuration list for PBXProject "mono" */;
			compatibilityVersion = "Xcode 3.2";
			developmentRegion = English;
			hasScannedForEncodings = 0;
			knownRegions = (
				English,
				en,
				Base,
			);
			mainGroup = 83CBB9F61A601CBA00E9B192;
			productRefGroup = 83CBBA001A601CBA00E9B192 /* Products */;
			projectDirPath = "";
			projectReferences = (
				{
					ProductGroup = DA3D694B2339D80B00BD4395 /* Products */;
					ProjectRef = 81A320FD4ED04309BEE8A250 /* RNFirebase.xcodeproj */;
				},
			);
			projectRoot = "";
			targets = (
				13B07F861A680F5B00A75B9A /* mono */,
				00E356ED1AD99517003FC87E /* monoTests */,
				2D02E47A1E0B4A5D006451C7 /* mono-tvOS */,
				2D02E48F1E0B4A5D006451C7 /* mono-tvOSTests */,
			);
		};
/* End PBXProject section */

/* Begin PBXReferenceProxy section */
		DA3D694F2339D80B00BD4395 /* libRNFirebase.a */ = {
			isa = PBXReferenceProxy;
			fileType = archive.ar;
			path = libRNFirebase.a;
			remoteRef = DA3D694E2339D80B00BD4395 /* PBXContainerItemProxy */;
			sourceTree = BUILT_PRODUCTS_DIR;
		};
/* End PBXReferenceProxy section */

/* Begin PBXResourcesBuildPhase section */
		00E356EC1AD99517003FC87E /* Resources */ = {
			isa = PBXResourcesBuildPhase;
			buildActionMask = 2147483647;
			files = (
				DA46B3312339BAEF008205ED /* GoogleService-Info.plist in Resources */,
			);
			runOnlyForDeploymentPostprocessing = 0;
		};
		13B07F8E1A680F5B00A75B9A /* Resources */ = {
			isa = PBXResourcesBuildPhase;
			buildActionMask = 2147483647;
			files = (
				13B07FBF1A68108700A75B9A /* Images.xcassets in Resources */,
				13B07FBD1A68108700A75B9A /* LaunchScreen.xib in Resources */,
				DA46B3302339BAEF008205ED /* GoogleService-Info.plist in Resources */,
			);
			runOnlyForDeploymentPostprocessing = 0;
		};
		2D02E4791E0B4A5D006451C7 /* Resources */ = {
			isa = PBXResourcesBuildPhase;
			buildActionMask = 2147483647;
			files = (
				2D02E4BD1E0B4A84006451C7 /* Images.xcassets in Resources */,
				DA46B3322339BAEF008205ED /* GoogleService-Info.plist in Resources */,
			);
			runOnlyForDeploymentPostprocessing = 0;
		};
		2D02E48E1E0B4A5D006451C7 /* Resources */ = {
			isa = PBXResourcesBuildPhase;
			buildActionMask = 2147483647;
			files = (
				DA46B3332339BAEF008205ED /* GoogleService-Info.plist in Resources */,
			);
			runOnlyForDeploymentPostprocessing = 0;
		};
/* End PBXResourcesBuildPhase section */

/* Begin PBXShellScriptBuildPhase section */
		00DD1BFF1BD5951E006B06BC /* Bundle React Native code and images */ = {
			isa = PBXShellScriptBuildPhase;
			buildActionMask = 2147483647;
			files = (
			);
			inputPaths = (
			);
			name = "Bundle React Native code and images";
			outputPaths = (
			);
			runOnlyForDeploymentPostprocessing = 0;
			shellPath = /bin/sh;
			shellScript = "export NODE_BINARY=node\n../node_modules/react-native/scripts/react-native-xcode.sh\n";
		};
		2D02E4CB1E0B4B27006451C7 /* Bundle React Native Code And Images */ = {
			isa = PBXShellScriptBuildPhase;
			buildActionMask = 2147483647;
			files = (
			);
			inputPaths = (
			);
			name = "Bundle React Native Code And Images";
			outputPaths = (
			);
			runOnlyForDeploymentPostprocessing = 0;
			shellPath = /bin/sh;
			shellScript = "export NODE_BINARY=node\n../node_modules/react-native/scripts/react-native-xcode.sh";
		};
		3C212D363754BDE42B2CDDCF /* [CP] Copy Pods Resources */ = {
			isa = PBXShellScriptBuildPhase;
			buildActionMask = 2147483647;
			files = (
			);
			inputPaths = (
				"${PODS_ROOT}/Target Support Files/Pods-monoTests/Pods-monoTests-resources.sh",
				"${PODS_ROOT}/GoogleMaps/Maps/Frameworks/GoogleMaps.framework/Resources/GoogleMaps.bundle",
				"${PODS_ROOT}/GooglePlaces/Frameworks/GooglePlaces.framework/Resources/GooglePlaces.bundle",
				"${PODS_CONFIGURATION_BUILD_DIR}/QBImagePickerController/QBImagePicker.bundle",
				"${PODS_ROOT}/../../node_modules/react-native-vector-icons/Fonts/AntDesign.ttf",
				"${PODS_ROOT}/../../node_modules/react-native-vector-icons/Fonts/Entypo.ttf",
				"${PODS_ROOT}/../../node_modules/react-native-vector-icons/Fonts/EvilIcons.ttf",
				"${PODS_ROOT}/../../node_modules/react-native-vector-icons/Fonts/Feather.ttf",
				"${PODS_ROOT}/../../node_modules/react-native-vector-icons/Fonts/FontAwesome.ttf",
				"${PODS_ROOT}/../../node_modules/react-native-vector-icons/Fonts/FontAwesome5_Brands.ttf",
				"${PODS_ROOT}/../../node_modules/react-native-vector-icons/Fonts/FontAwesome5_Regular.ttf",
				"${PODS_ROOT}/../../node_modules/react-native-vector-icons/Fonts/FontAwesome5_Solid.ttf",
				"${PODS_ROOT}/../../node_modules/react-native-vector-icons/Fonts/Foundation.ttf",
				"${PODS_ROOT}/../../node_modules/react-native-vector-icons/Fonts/Ionicons.ttf",
				"${PODS_ROOT}/../../node_modules/react-native-vector-icons/Fonts/MaterialCommunityIcons.ttf",
				"${PODS_ROOT}/../../node_modules/react-native-vector-icons/Fonts/MaterialIcons.ttf",
				"${PODS_ROOT}/../../node_modules/react-native-vector-icons/Fonts/Octicons.ttf",
				"${PODS_ROOT}/../../node_modules/react-native-vector-icons/Fonts/SimpleLineIcons.ttf",
				"${PODS_ROOT}/../../node_modules/react-native-vector-icons/Fonts/Zocial.ttf",
				"${PODS_ROOT}/RSKImageCropper/RSKImageCropper/RSKImageCropperStrings.bundle",
				"${PODS_CONFIGURATION_BUILD_DIR}/gRPC-C++/gRPCCertificates.bundle",
			);
			name = "[CP] Copy Pods Resources";
			outputPaths = (
				"${TARGET_BUILD_DIR}/${UNLOCALIZED_RESOURCES_FOLDER_PATH}/GoogleMaps.bundle",
				"${TARGET_BUILD_DIR}/${UNLOCALIZED_RESOURCES_FOLDER_PATH}/GooglePlaces.bundle",
				"${TARGET_BUILD_DIR}/${UNLOCALIZED_RESOURCES_FOLDER_PATH}/QBImagePicker.bundle",
				"${TARGET_BUILD_DIR}/${UNLOCALIZED_RESOURCES_FOLDER_PATH}/AntDesign.ttf",
				"${TARGET_BUILD_DIR}/${UNLOCALIZED_RESOURCES_FOLDER_PATH}/Entypo.ttf",
				"${TARGET_BUILD_DIR}/${UNLOCALIZED_RESOURCES_FOLDER_PATH}/EvilIcons.ttf",
				"${TARGET_BUILD_DIR}/${UNLOCALIZED_RESOURCES_FOLDER_PATH}/Feather.ttf",
				"${TARGET_BUILD_DIR}/${UNLOCALIZED_RESOURCES_FOLDER_PATH}/FontAwesome.ttf",
				"${TARGET_BUILD_DIR}/${UNLOCALIZED_RESOURCES_FOLDER_PATH}/FontAwesome5_Brands.ttf",
				"${TARGET_BUILD_DIR}/${UNLOCALIZED_RESOURCES_FOLDER_PATH}/FontAwesome5_Regular.ttf",
				"${TARGET_BUILD_DIR}/${UNLOCALIZED_RESOURCES_FOLDER_PATH}/FontAwesome5_Solid.ttf",
				"${TARGET_BUILD_DIR}/${UNLOCALIZED_RESOURCES_FOLDER_PATH}/Foundation.ttf",
				"${TARGET_BUILD_DIR}/${UNLOCALIZED_RESOURCES_FOLDER_PATH}/Ionicons.ttf",
				"${TARGET_BUILD_DIR}/${UNLOCALIZED_RESOURCES_FOLDER_PATH}/MaterialCommunityIcons.ttf",
				"${TARGET_BUILD_DIR}/${UNLOCALIZED_RESOURCES_FOLDER_PATH}/MaterialIcons.ttf",
				"${TARGET_BUILD_DIR}/${UNLOCALIZED_RESOURCES_FOLDER_PATH}/Octicons.ttf",
				"${TARGET_BUILD_DIR}/${UNLOCALIZED_RESOURCES_FOLDER_PATH}/SimpleLineIcons.ttf",
				"${TARGET_BUILD_DIR}/${UNLOCALIZED_RESOURCES_FOLDER_PATH}/Zocial.ttf",
				"${TARGET_BUILD_DIR}/${UNLOCALIZED_RESOURCES_FOLDER_PATH}/RSKImageCropperStrings.bundle",
				"${TARGET_BUILD_DIR}/${UNLOCALIZED_RESOURCES_FOLDER_PATH}/gRPCCertificates.bundle",
			);
			runOnlyForDeploymentPostprocessing = 0;
			shellPath = /bin/sh;
			shellScript = "\"${PODS_ROOT}/Target Support Files/Pods-monoTests/Pods-monoTests-resources.sh\"\n";
			showEnvVarsInLog = 0;
		};
		4C0A3A74D7C7B0EB24E2604A /* [CP] Embed Pods Frameworks */ = {
			isa = PBXShellScriptBuildPhase;
			buildActionMask = 2147483647;
			files = (
			);
			inputPaths = (
				"${PODS_ROOT}/Target Support Files/Pods-monoTests/Pods-monoTests-frameworks.sh",
				"${PODS_ROOT}/../../node_modules/react-native-webrtc/ios/WebRTC.framework",
			);
			name = "[CP] Embed Pods Frameworks";
			outputPaths = (
				"${TARGET_BUILD_DIR}/${FRAMEWORKS_FOLDER_PATH}/WebRTC.framework",
			);
			runOnlyForDeploymentPostprocessing = 0;
			shellPath = /bin/sh;
			shellScript = "\"${PODS_ROOT}/Target Support Files/Pods-monoTests/Pods-monoTests-frameworks.sh\"\n";
			showEnvVarsInLog = 0;
		};
		5AEEA935A9421F0149BE385D /* [CP] Check Pods Manifest.lock */ = {
			isa = PBXShellScriptBuildPhase;
			buildActionMask = 2147483647;
			files = (
			);
			inputFileListPaths = (
			);
			inputPaths = (
				"${PODS_PODFILE_DIR_PATH}/Podfile.lock",
				"${PODS_ROOT}/Manifest.lock",
			);
			name = "[CP] Check Pods Manifest.lock";
			outputFileListPaths = (
			);
			outputPaths = (
				"$(DERIVED_FILE_DIR)/Pods-monoTests-checkManifestLockResult.txt",
			);
			runOnlyForDeploymentPostprocessing = 0;
			shellPath = /bin/sh;
			shellScript = "diff \"${PODS_PODFILE_DIR_PATH}/Podfile.lock\" \"${PODS_ROOT}/Manifest.lock\" > /dev/null\nif [ $? != 0 ] ; then\n    # print error to STDERR\n    echo \"error: The sandbox is not in sync with the Podfile.lock. Run 'pod install' or update your CocoaPods installation.\" >&2\n    exit 1\nfi\n# This output is used by Xcode 'outputs' to avoid re-running this script phase.\necho \"SUCCESS\" > \"${SCRIPT_OUTPUT_FILE_0}\"\n";
			showEnvVarsInLog = 0;
		};
		9C626F3E9357E10095F06486 /* [CP] Check Pods Manifest.lock */ = {
			isa = PBXShellScriptBuildPhase;
			buildActionMask = 2147483647;
			files = (
			);
			inputFileListPaths = (
			);
			inputPaths = (
				"${PODS_PODFILE_DIR_PATH}/Podfile.lock",
				"${PODS_ROOT}/Manifest.lock",
			);
			name = "[CP] Check Pods Manifest.lock";
			outputFileListPaths = (
			);
			outputPaths = (
				"$(DERIVED_FILE_DIR)/Pods-mono-checkManifestLockResult.txt",
			);
			runOnlyForDeploymentPostprocessing = 0;
			shellPath = /bin/sh;
			shellScript = "diff \"${PODS_PODFILE_DIR_PATH}/Podfile.lock\" \"${PODS_ROOT}/Manifest.lock\" > /dev/null\nif [ $? != 0 ] ; then\n    # print error to STDERR\n    echo \"error: The sandbox is not in sync with the Podfile.lock. Run 'pod install' or update your CocoaPods installation.\" >&2\n    exit 1\nfi\n# This output is used by Xcode 'outputs' to avoid re-running this script phase.\necho \"SUCCESS\" > \"${SCRIPT_OUTPUT_FILE_0}\"\n";
			showEnvVarsInLog = 0;
		};
		F166117A855022164A7EA190 /* [CP] Embed Pods Frameworks */ = {
			isa = PBXShellScriptBuildPhase;
			buildActionMask = 2147483647;
			files = (
			);
			inputPaths = (
				"${PODS_ROOT}/Target Support Files/Pods-mono/Pods-mono-frameworks.sh",
				"${PODS_ROOT}/../../node_modules/react-native-webrtc/ios/WebRTC.framework",
			);
			name = "[CP] Embed Pods Frameworks";
			outputPaths = (
				"${TARGET_BUILD_DIR}/${FRAMEWORKS_FOLDER_PATH}/WebRTC.framework",
			);
			runOnlyForDeploymentPostprocessing = 0;
			shellPath = /bin/sh;
			shellScript = "\"${PODS_ROOT}/Target Support Files/Pods-mono/Pods-mono-frameworks.sh\"\n";
			showEnvVarsInLog = 0;
		};
		FD50A4EDF4D744B0210452B5 /* [CP] Copy Pods Resources */ = {
			isa = PBXShellScriptBuildPhase;
			buildActionMask = 2147483647;
			files = (
			);
			inputPaths = (
				"${PODS_ROOT}/Target Support Files/Pods-mono/Pods-mono-resources.sh",
				"${PODS_ROOT}/GoogleMaps/Maps/Frameworks/GoogleMaps.framework/Resources/GoogleMaps.bundle",
				"${PODS_ROOT}/GooglePlaces/Frameworks/GooglePlaces.framework/Resources/GooglePlaces.bundle",
				"${PODS_CONFIGURATION_BUILD_DIR}/QBImagePickerController/QBImagePicker.bundle",
				"${PODS_ROOT}/../../node_modules/react-native-vector-icons/Fonts/AntDesign.ttf",
				"${PODS_ROOT}/../../node_modules/react-native-vector-icons/Fonts/Entypo.ttf",
				"${PODS_ROOT}/../../node_modules/react-native-vector-icons/Fonts/EvilIcons.ttf",
				"${PODS_ROOT}/../../node_modules/react-native-vector-icons/Fonts/Feather.ttf",
				"${PODS_ROOT}/../../node_modules/react-native-vector-icons/Fonts/FontAwesome.ttf",
				"${PODS_ROOT}/../../node_modules/react-native-vector-icons/Fonts/FontAwesome5_Brands.ttf",
				"${PODS_ROOT}/../../node_modules/react-native-vector-icons/Fonts/FontAwesome5_Regular.ttf",
				"${PODS_ROOT}/../../node_modules/react-native-vector-icons/Fonts/FontAwesome5_Solid.ttf",
				"${PODS_ROOT}/../../node_modules/react-native-vector-icons/Fonts/Foundation.ttf",
				"${PODS_ROOT}/../../node_modules/react-native-vector-icons/Fonts/Ionicons.ttf",
				"${PODS_ROOT}/../../node_modules/react-native-vector-icons/Fonts/MaterialCommunityIcons.ttf",
				"${PODS_ROOT}/../../node_modules/react-native-vector-icons/Fonts/MaterialIcons.ttf",
				"${PODS_ROOT}/../../node_modules/react-native-vector-icons/Fonts/Octicons.ttf",
				"${PODS_ROOT}/../../node_modules/react-native-vector-icons/Fonts/SimpleLineIcons.ttf",
				"${PODS_ROOT}/../../node_modules/react-native-vector-icons/Fonts/Zocial.ttf",
				"${PODS_ROOT}/RSKImageCropper/RSKImageCropper/RSKImageCropperStrings.bundle",
				"${PODS_CONFIGURATION_BUILD_DIR}/gRPC-C++/gRPCCertificates.bundle",
			);
			name = "[CP] Copy Pods Resources";
			outputPaths = (
				"${TARGET_BUILD_DIR}/${UNLOCALIZED_RESOURCES_FOLDER_PATH}/GoogleMaps.bundle",
				"${TARGET_BUILD_DIR}/${UNLOCALIZED_RESOURCES_FOLDER_PATH}/GooglePlaces.bundle",
				"${TARGET_BUILD_DIR}/${UNLOCALIZED_RESOURCES_FOLDER_PATH}/QBImagePicker.bundle",
				"${TARGET_BUILD_DIR}/${UNLOCALIZED_RESOURCES_FOLDER_PATH}/AntDesign.ttf",
				"${TARGET_BUILD_DIR}/${UNLOCALIZED_RESOURCES_FOLDER_PATH}/Entypo.ttf",
				"${TARGET_BUILD_DIR}/${UNLOCALIZED_RESOURCES_FOLDER_PATH}/EvilIcons.ttf",
				"${TARGET_BUILD_DIR}/${UNLOCALIZED_RESOURCES_FOLDER_PATH}/Feather.ttf",
				"${TARGET_BUILD_DIR}/${UNLOCALIZED_RESOURCES_FOLDER_PATH}/FontAwesome.ttf",
				"${TARGET_BUILD_DIR}/${UNLOCALIZED_RESOURCES_FOLDER_PATH}/FontAwesome5_Brands.ttf",
				"${TARGET_BUILD_DIR}/${UNLOCALIZED_RESOURCES_FOLDER_PATH}/FontAwesome5_Regular.ttf",
				"${TARGET_BUILD_DIR}/${UNLOCALIZED_RESOURCES_FOLDER_PATH}/FontAwesome5_Solid.ttf",
				"${TARGET_BUILD_DIR}/${UNLOCALIZED_RESOURCES_FOLDER_PATH}/Foundation.ttf",
				"${TARGET_BUILD_DIR}/${UNLOCALIZED_RESOURCES_FOLDER_PATH}/Ionicons.ttf",
				"${TARGET_BUILD_DIR}/${UNLOCALIZED_RESOURCES_FOLDER_PATH}/MaterialCommunityIcons.ttf",
				"${TARGET_BUILD_DIR}/${UNLOCALIZED_RESOURCES_FOLDER_PATH}/MaterialIcons.ttf",
				"${TARGET_BUILD_DIR}/${UNLOCALIZED_RESOURCES_FOLDER_PATH}/Octicons.ttf",
				"${TARGET_BUILD_DIR}/${UNLOCALIZED_RESOURCES_FOLDER_PATH}/SimpleLineIcons.ttf",
				"${TARGET_BUILD_DIR}/${UNLOCALIZED_RESOURCES_FOLDER_PATH}/Zocial.ttf",
				"${TARGET_BUILD_DIR}/${UNLOCALIZED_RESOURCES_FOLDER_PATH}/RSKImageCropperStrings.bundle",
				"${TARGET_BUILD_DIR}/${UNLOCALIZED_RESOURCES_FOLDER_PATH}/gRPCCertificates.bundle",
			);
			runOnlyForDeploymentPostprocessing = 0;
			shellPath = /bin/sh;
			shellScript = "\"${PODS_ROOT}/Target Support Files/Pods-mono/Pods-mono-resources.sh\"\n";
			showEnvVarsInLog = 0;
		};
/* End PBXShellScriptBuildPhase section */

/* Begin PBXSourcesBuildPhase section */
		00E356EA1AD99517003FC87E /* Sources */ = {
			isa = PBXSourcesBuildPhase;
			buildActionMask = 2147483647;
			files = (
				00E356F31AD99517003FC87E /* monoTests.m in Sources */,
			);
			runOnlyForDeploymentPostprocessing = 0;
		};
		13B07F871A680F5B00A75B9A /* Sources */ = {
			isa = PBXSourcesBuildPhase;
			buildActionMask = 2147483647;
			files = (
				13B07FBC1A68108700A75B9A /* AppDelegate.m in Sources */,
				13B07FC11A68108700A75B9A /* main.m in Sources */,
			);
			runOnlyForDeploymentPostprocessing = 0;
		};
		2D02E4771E0B4A5D006451C7 /* Sources */ = {
			isa = PBXSourcesBuildPhase;
			buildActionMask = 2147483647;
			files = (
				2D02E4BF1E0B4AB3006451C7 /* main.m in Sources */,
				2D02E4BC1E0B4A80006451C7 /* AppDelegate.m in Sources */,
			);
			runOnlyForDeploymentPostprocessing = 0;
		};
		2D02E48C1E0B4A5D006451C7 /* Sources */ = {
			isa = PBXSourcesBuildPhase;
			buildActionMask = 2147483647;
			files = (
				2DCD954D1E0B4F2C00145EB5 /* monoTests.m in Sources */,
			);
			runOnlyForDeploymentPostprocessing = 0;
		};
/* End PBXSourcesBuildPhase section */

/* Begin PBXTargetDependency section */
		00E356F51AD99517003FC87E /* PBXTargetDependency */ = {
			isa = PBXTargetDependency;
			target = 13B07F861A680F5B00A75B9A /* mono */;
			targetProxy = 00E356F41AD99517003FC87E /* PBXContainerItemProxy */;
		};
		2D02E4921E0B4A5D006451C7 /* PBXTargetDependency */ = {
			isa = PBXTargetDependency;
			target = 2D02E47A1E0B4A5D006451C7 /* mono-tvOS */;
			targetProxy = 2D02E4911E0B4A5D006451C7 /* PBXContainerItemProxy */;
		};
/* End PBXTargetDependency section */

/* Begin PBXVariantGroup section */
		13B07FB11A68108700A75B9A /* LaunchScreen.xib */ = {
			isa = PBXVariantGroup;
			children = (
				13B07FB21A68108700A75B9A /* Base */,
			);
			name = LaunchScreen.xib;
			path = mono;
			sourceTree = "<group>";
		};
/* End PBXVariantGroup section */

/* Begin XCBuildConfiguration section */
		00E356F61AD99517003FC87E /* Debug */ = {
			isa = XCBuildConfiguration;
			baseConfigurationReference = 09B041DD93B6C5C37016753E /* Pods-monoTests.debug.xcconfig */;
			buildSettings = {
				BUNDLE_LOADER = "$(TEST_HOST)";
				GCC_PREPROCESSOR_DEFINITIONS = (
					"DEBUG=1",
					"$(inherited)",
				);
				HEADER_SEARCH_PATHS = (
					"$(inherited)",
					"$(SRCROOT)..\node_modules\neact-native-firebaseiosRNFirebase/**",
					"$(SRCROOT)..\node_modules\neact-native-gesture-handlerios/**",
					"$(SRCROOT)..\node_modules\neact-native-vector-iconsRNVectorIconsManager",
					"$(SRCROOT)..\node_modules\neact-native-svgios/**",
					"$(SRCROOT)..\node_modules\neact-native-sensitive-infoiosRNSensitiveInfo",
					"$(SRCROOT)..\node_modules\neact-native-cameraios/**",
					"$(SRCROOT)..\node_modules\neact-native-permissionsios/**",
					"$(SRCROOT)..\node_modules\neact-native-fs/**",
					"$(SRCROOT)..\node_modules\neact-native-fast-imageiosFastImage/**",
					"$(SRCROOT)..\node_modules\neact-native-spinkitios/**",
					"$(SRCROOT)..\node_modules@react-native-community\async-storageios",
					"$(SRCROOT)..\node_modules\neact-native-background-downloaderios",
					"$(SRCROOT)..\node_modules\neact-native-mapslibios/**",
					"$(SRCROOT)..\node_modules\neact-native-camera-kitioslibReactNativeCameraKit",
					"$(SRCROOT)..\node_modules\neact-native-document-pickeriosRNDocumentPicker",
					"$(SRCROOT)/../node_modules/@react-native-community/netinfo/ios",
					"$(SRCROOT)..\node_modules\neact-native-fetch-blobios/**",
					"$(SRCROOT)..\node_modules\neact-native-google-placesios",
					"$(SRCROOT)..\node_modules\neact-native-randombytes",
					"$(SRCROOT)..\node_modules\neact-native-webrtciosRCTWebRTC/**",
					"$(SRCROOT)..\node_modules\neact-native-image-pickerios",
					"$(SRCROOT)..\node_modules\neact-native-image-resizeriosRCTImageResizer",
					"$(SRCROOT)/../node_modules/react-native-firebase/ios/RNFirebase/**",
					"$(SRCROOT)/../node_modules/react-native-randombytes",
					"$(SRCROOT)/../node_modules/@react-native-community/async-storage/ios",
					"$(SRCROOT)/../node_modules/@react-native-community/netinfo/ios",
					"$(SRCROOT)/../node_modules/react-native-camera/ios/**",
					"$(SRCROOT)/../node_modules/react-native-camera-kit/ios/lib/ReactNativeCameraKit",
					"$(SRCROOT)/../node_modules/react-native-document-picker/ios/RNDocumentPicker",
					"$(SRCROOT)/../node_modules/react-native-fast-image/ios/FastImage/**",
					"$(SRCROOT)/../node_modules/react-native-fetch-blob/ios/**",
					"$(SRCROOT)/../node_modules/react-native-fs/**",
					"$(SRCROOT)/../node_modules/react-native-gesture-handler/ios/**",
					"$(SRCROOT)/../node_modules/react-native-google-places/ios",
					"$(SRCROOT)/../node_modules/react-native-image-picker/ios",
					"$(SRCROOT)/../node_modules/react-native-image-resizer/ios/RCTImageResizer",
					"$(SRCROOT)/../node_modules/react-native-maps/lib/ios/**",
					"$(SRCROOT)/../node_modules/react-native-spinkit/ios/**",
					"$(SRCROOT)/../node_modules/react-native-svg/ios/**",
					"$(SRCROOT)/../node_modules/react-native-vector-icons/RNVectorIconsManager",
					"$(SRCROOT)/../node_modules/react-native-webrtc/ios/RCTWebRTC/**",
					"$(SRCROOT)/../node_modules/react-native-firebase/ios/RNFirebase/**",
				);
				INFOPLIST_FILE = monoTests/Info.plist;
				IPHONEOS_DEPLOYMENT_TARGET = 9.0;
				LD_RUNPATH_SEARCH_PATHS = "$(inherited) @executable_path/Frameworks @loader_path/Frameworks";
				LIBRARY_SEARCH_PATHS = "$(inherited)";
				OTHER_LDFLAGS = (
					"-ObjC",
					"-lc++",
				);
				PRODUCT_BUNDLE_IDENTIFIER = "org.reactjs.native.example.$(PRODUCT_NAME:rfc1034identifier)";
				PRODUCT_NAME = "$(TARGET_NAME)";
				TEST_HOST = "$(BUILT_PRODUCTS_DIR)/mono.app/mono";
			};
			name = Debug;
		};
		00E356F71AD99517003FC87E /* Release */ = {
			isa = XCBuildConfiguration;
			baseConfigurationReference = A1A46E847C23E66D15B9B7A0 /* Pods-monoTests.release.xcconfig */;
			buildSettings = {
				BUNDLE_LOADER = "$(TEST_HOST)";
				COPY_PHASE_STRIP = NO;
				HEADER_SEARCH_PATHS = (
					"$(inherited)",
					"$(SRCROOT)..\node_modules\neact-native-firebaseiosRNFirebase/**",
					"$(SRCROOT)..\node_modules\neact-native-gesture-handlerios/**",
					"$(SRCROOT)..\node_modules\neact-native-vector-iconsRNVectorIconsManager",
					"$(SRCROOT)..\node_modules\neact-native-svgios/**",
					"$(SRCROOT)..\node_modules\neact-native-sensitive-infoiosRNSensitiveInfo",
					"$(SRCROOT)..\node_modules\neact-native-cameraios/**",
					"$(SRCROOT)..\node_modules\neact-native-permissionsios/**",
					"$(SRCROOT)..\node_modules\neact-native-fs/**",
					"$(SRCROOT)..\node_modules\neact-native-fast-imageiosFastImage/**",
					"$(SRCROOT)..\node_modules\neact-native-spinkitios/**",
					"$(SRCROOT)..\node_modules@react-native-community\async-storageios",
					"$(SRCROOT)..\node_modules\neact-native-background-downloaderios",
					"$(SRCROOT)..\node_modules\neact-native-mapslibios/**",
					"$(SRCROOT)..\node_modules\neact-native-camera-kitioslibReactNativeCameraKit",
					"$(SRCROOT)..\node_modules\neact-native-document-pickeriosRNDocumentPicker",
					"$(SRCROOT)/../node_modules/@react-native-community/netinfo/ios",
					"$(SRCROOT)..\node_modules\neact-native-fetch-blobios/**",
					"$(SRCROOT)..\node_modules\neact-native-google-placesios",
					"$(SRCROOT)..\node_modules\neact-native-randombytes",
					"$(SRCROOT)..\node_modules\neact-native-webrtciosRCTWebRTC/**",
					"$(SRCROOT)..\node_modules\neact-native-image-pickerios",
					"$(SRCROOT)..\node_modules\neact-native-image-resizeriosRCTImageResizer",
					"$(SRCROOT)/../node_modules/react-native-firebase/ios/RNFirebase/**",
					"$(SRCROOT)/../node_modules/react-native-randombytes",
					"$(SRCROOT)/../node_modules/@react-native-community/async-storage/ios",
					"$(SRCROOT)/../node_modules/@react-native-community/netinfo/ios",
					"$(SRCROOT)/../node_modules/react-native-camera/ios/**",
					"$(SRCROOT)/../node_modules/react-native-camera-kit/ios/lib/ReactNativeCameraKit",
					"$(SRCROOT)/../node_modules/react-native-document-picker/ios/RNDocumentPicker",
					"$(SRCROOT)/../node_modules/react-native-fast-image/ios/FastImage/**",
					"$(SRCROOT)/../node_modules/react-native-fetch-blob/ios/**",
					"$(SRCROOT)/../node_modules/react-native-fs/**",
					"$(SRCROOT)/../node_modules/react-native-gesture-handler/ios/**",
					"$(SRCROOT)/../node_modules/react-native-google-places/ios",
					"$(SRCROOT)/../node_modules/react-native-image-picker/ios",
					"$(SRCROOT)/../node_modules/react-native-image-resizer/ios/RCTImageResizer",
					"$(SRCROOT)/../node_modules/react-native-maps/lib/ios/**",
					"$(SRCROOT)/../node_modules/react-native-spinkit/ios/**",
					"$(SRCROOT)/../node_modules/react-native-svg/ios/**",
					"$(SRCROOT)/../node_modules/react-native-vector-icons/RNVectorIconsManager",
					"$(SRCROOT)/../node_modules/react-native-webrtc/ios/RCTWebRTC/**",
					"$(SRCROOT)/../node_modules/react-native-firebase/ios/RNFirebase/**",
				);
				INFOPLIST_FILE = monoTests/Info.plist;
				IPHONEOS_DEPLOYMENT_TARGET = 9.0;
				LD_RUNPATH_SEARCH_PATHS = "$(inherited) @executable_path/Frameworks @loader_path/Frameworks";
				LIBRARY_SEARCH_PATHS = "$(inherited)";
				OTHER_LDFLAGS = (
					"-ObjC",
					"-lc++",
				);
				PRODUCT_BUNDLE_IDENTIFIER = "org.reactjs.native.example.$(PRODUCT_NAME:rfc1034identifier)";
				PRODUCT_NAME = "$(TARGET_NAME)";
				TEST_HOST = "$(BUILT_PRODUCTS_DIR)/mono.app/mono";
			};
			name = Release;
		};
		13B07F941A680F5B00A75B9A /* Debug */ = {
			isa = XCBuildConfiguration;
			baseConfigurationReference = F6C714783E2D1B3891D96BDA /* Pods-mono.debug.xcconfig */;
			buildSettings = {
				ASSETCATALOG_COMPILER_APPICON_NAME = AppIcon;
				CURRENT_PROJECT_VERSION = 1;
				DEAD_CODE_STRIPPING = NO;
				HEADER_SEARCH_PATHS = (
					"$(inherited)",
					"$(SRCROOT)..",
					ode_modules,
					"eact-native-firebaseiosRNFirebase/**",
					"$(SRCROOT)..",
					ode_modules,
					"eact-native-gesture-handlerios/**",
					"$(SRCROOT)..",
					ode_modules,
					"eact-native-vector-iconsRNVectorIconsManager",
					"$(SRCROOT)..",
					ode_modules,
					"eact-native-svgios/**",
					"$(SRCROOT)..",
					ode_modules,
					"eact-native-sensitive-infoiosRNSensitiveInfo",
					"$(SRCROOT)..",
					ode_modules,
					"eact-native-cameraios/**",
					"$(SRCROOT)..",
					ode_modules,
					"eact-native-permissionsios/**",
					"$(SRCROOT)..",
					ode_modules,
					"eact-native-fs/**",
					"$(SRCROOT)..",
					ode_modules,
					"eact-native-fast-imageiosFastImage/**",
					"$(SRCROOT)..",
					ode_modules,
					"eact-native-spinkitios/**",
					"$(SRCROOT)..",
					"ode_modules@react-native-community\async-storageios",
					"$(SRCROOT)..",
					ode_modules,
					"eact-native-background-downloaderios",
					"$(SRCROOT)..",
					ode_modules,
					"eact-native-mapslibios/**",
					"$(SRCROOT)..",
					ode_modules,
					"eact-native-camera-kitioslibReactNativeCameraKit",
					"$(SRCROOT)..",
					ode_modules,
					"eact-native-document-pickeriosRNDocumentPicker",
					"$(SRCROOT)/../node_modules/@react-native-community/netinfo/ios",
					"$(SRCROOT)..",
					ode_modules,
					"eact-native-fetch-blobios/**",
					"$(SRCROOT)..",
					ode_modules,
					"eact-native-google-placesios",
					"$(SRCROOT)..",
					ode_modules,
					"eact-native-randombytes",
					"$(SRCROOT)..",
					ode_modules,
					"eact-native-webrtciosRCTWebRTC/**",
					"$(SRCROOT)..",
					ode_modules,
					"eact-native-image-pickerios",
					"$(SRCROOT)..",
					ode_modules,
					"eact-native-image-resizeriosRCTImageResizer",
					"$(SRCROOT)/../node_modules/react-native-firebase/ios/RNFirebase/**",
					"$(SRCROOT)/../node_modules/react-native-randombytes",
					"$(SRCROOT)/../node_modules/@react-native-community/async-storage/ios",
					"$(SRCROOT)/../node_modules/@react-native-community/netinfo/ios",
					"$(SRCROOT)/../node_modules/react-native-camera/ios/**",
					"$(SRCROOT)/../node_modules/react-native-camera-kit/ios/lib/ReactNativeCameraKit",
					"$(SRCROOT)/../node_modules/react-native-document-picker/ios/RNDocumentPicker",
					"$(SRCROOT)/../node_modules/react-native-fast-image/ios/FastImage/**",
					"$(SRCROOT)/../node_modules/react-native-fetch-blob/ios/**",
					"$(SRCROOT)/../node_modules/react-native-fs/**",
					"$(SRCROOT)/../node_modules/react-native-gesture-handler/ios/**",
					"$(SRCROOT)/../node_modules/react-native-google-places/ios",
					"$(SRCROOT)/../node_modules/react-native-image-picker/ios",
					"$(SRCROOT)/../node_modules/react-native-image-resizer/ios/RCTImageResizer",
					"$(SRCROOT)/../node_modules/react-native-maps/lib/ios/**",
					"$(SRCROOT)/../node_modules/react-native-spinkit/ios/**",
					"$(SRCROOT)/../node_modules/react-native-svg/ios/**",
					"$(SRCROOT)/../node_modules/react-native-vector-icons/RNVectorIconsManager",
					"$(SRCROOT)/../node_modules/react-native-webrtc/ios/RCTWebRTC/**",
					"$(SRCROOT)/../node_modules/react-native-firebase/ios/RNFirebase/**",
				);
				INFOPLIST_FILE = mono/Info.plist;
				IPHONEOS_DEPLOYMENT_TARGET = 9.0;
				LD_RUNPATH_SEARCH_PATHS = "$(inherited) @executable_path/Frameworks";
				OTHER_LDFLAGS = (
					"$(inherited)",
					"-ObjC",
					"-lc++",
				);
				PRODUCT_BUNDLE_IDENTIFIER = com.monoapps.ios;
				PRODUCT_NAME = mono;
				VERSIONING_SYSTEM = "apple-generic";
			};
			name = Debug;
		};
		13B07F951A680F5B00A75B9A /* Release */ = {
			isa = XCBuildConfiguration;
			baseConfigurationReference = 77D7EC7EB901A1FBB7282C47 /* Pods-mono.release.xcconfig */;
			buildSettings = {
				ASSETCATALOG_COMPILER_APPICON_NAME = AppIcon;
				CURRENT_PROJECT_VERSION = 1;
				HEADER_SEARCH_PATHS = (
					"$(inherited)",
					"$(SRCROOT)..",
					ode_modules,
					"eact-native-firebaseiosRNFirebase/**",
					"$(SRCROOT)..",
					ode_modules,
					"eact-native-gesture-handlerios/**",
					"$(SRCROOT)..",
					ode_modules,
					"eact-native-vector-iconsRNVectorIconsManager",
					"$(SRCROOT)..",
					ode_modules,
					"eact-native-svgios/**",
					"$(SRCROOT)..",
					ode_modules,
					"eact-native-sensitive-infoiosRNSensitiveInfo",
					"$(SRCROOT)..",
					ode_modules,
					"eact-native-cameraios/**",
					"$(SRCROOT)..",
					ode_modules,
					"eact-native-permissionsios/**",
					"$(SRCROOT)..",
					ode_modules,
					"eact-native-fs/**",
					"$(SRCROOT)..",
					ode_modules,
					"eact-native-fast-imageiosFastImage/**",
					"$(SRCROOT)..",
					ode_modules,
					"eact-native-spinkitios/**",
					"$(SRCROOT)..",
					"ode_modules@react-native-community\async-storageios",
					"$(SRCROOT)..",
					ode_modules,
					"eact-native-background-downloaderios",
					"$(SRCROOT)..",
					ode_modules,
					"eact-native-mapslibios/**",
					"$(SRCROOT)..",
					ode_modules,
					"eact-native-camera-kitioslibReactNativeCameraKit",
					"$(SRCROOT)..",
					ode_modules,
					"eact-native-document-pickeriosRNDocumentPicker",
					"$(SRCROOT)/../node_modules/@react-native-community/netinfo/ios",
					"$(SRCROOT)..",
					ode_modules,
					"eact-native-fetch-blobios/**",
					"$(SRCROOT)..",
					ode_modules,
					"eact-native-google-placesios",
					"$(SRCROOT)..",
					ode_modules,
					"eact-native-randombytes",
					"$(SRCROOT)..",
					ode_modules,
					"eact-native-webrtciosRCTWebRTC/**",
					"$(SRCROOT)..",
					ode_modules,
					"eact-native-image-pickerios",
					"$(SRCROOT)..",
					ode_modules,
					"eact-native-image-resizeriosRCTImageResizer",
					"$(SRCROOT)/../node_modules/react-native-firebase/ios/RNFirebase/**",
					"$(SRCROOT)/../node_modules/react-native-randombytes",
					"$(SRCROOT)/../node_modules/@react-native-community/async-storage/ios",
					"$(SRCROOT)/../node_modules/@react-native-community/netinfo/ios",
					"$(SRCROOT)/../node_modules/react-native-camera/ios/**",
					"$(SRCROOT)/../node_modules/react-native-camera-kit/ios/lib/ReactNativeCameraKit",
					"$(SRCROOT)/../node_modules/react-native-document-picker/ios/RNDocumentPicker",
					"$(SRCROOT)/../node_modules/react-native-fast-image/ios/FastImage/**",
					"$(SRCROOT)/../node_modules/react-native-fetch-blob/ios/**",
					"$(SRCROOT)/../node_modules/react-native-fs/**",
					"$(SRCROOT)/../node_modules/react-native-gesture-handler/ios/**",
					"$(SRCROOT)/../node_modules/react-native-google-places/ios",
					"$(SRCROOT)/../node_modules/react-native-image-picker/ios",
					"$(SRCROOT)/../node_modules/react-native-image-resizer/ios/RCTImageResizer",
					"$(SRCROOT)/../node_modules/react-native-maps/lib/ios/**",
					"$(SRCROOT)/../node_modules/react-native-spinkit/ios/**",
					"$(SRCROOT)/../node_modules/react-native-svg/ios/**",
					"$(SRCROOT)/../node_modules/react-native-vector-icons/RNVectorIconsManager",
					"$(SRCROOT)/../node_modules/react-native-webrtc/ios/RCTWebRTC/**",
					"$(SRCROOT)/../node_modules/react-native-firebase/ios/RNFirebase/**",
				);
				INFOPLIST_FILE = mono/Info.plist;
				IPHONEOS_DEPLOYMENT_TARGET = 9.0;
				LD_RUNPATH_SEARCH_PATHS = "$(inherited) @executable_path/Frameworks";
				OTHER_LDFLAGS = (
					"$(inherited)",
					"-ObjC",
					"-lc++",
				);
				PRODUCT_BUNDLE_IDENTIFIER = com.monoapps.ios;
				PRODUCT_NAME = mono;
				VERSIONING_SYSTEM = "apple-generic";
			};
			name = Release;
		};
		2D02E4971E0B4A5E006451C7 /* Debug */ = {
			isa = XCBuildConfiguration;
			buildSettings = {
				ASSETCATALOG_COMPILER_APPICON_NAME = "App Icon & Top Shelf Image";
				ASSETCATALOG_COMPILER_LAUNCHIMAGE_NAME = LaunchImage;
				CLANG_ANALYZER_NONNULL = YES;
				CLANG_WARN_DOCUMENTATION_COMMENTS = YES;
				CLANG_WARN_INFINITE_RECURSION = YES;
				CLANG_WARN_SUSPICIOUS_MOVE = YES;
				DEBUG_INFORMATION_FORMAT = dwarf;
				ENABLE_TESTABILITY = YES;
				GCC_NO_COMMON_BLOCKS = YES;
				HEADER_SEARCH_PATHS = (
					"$(inherited)",
					"$(SRCROOT)..\node_modules\neact-native-firebaseiosRNFirebase/**",
					"$(SRCROOT)..\node_modules\neact-native-gesture-handlerios/**",
					"$(SRCROOT)..\node_modules\neact-native-vector-iconsRNVectorIconsManager",
					"$(SRCROOT)..\node_modules\neact-native-svgios/**",
					"$(SRCROOT)..\node_modules\neact-native-sensitive-infoiosRNSensitiveInfo",
					"$(SRCROOT)..\node_modules\neact-native-cameraios/**",
					"$(SRCROOT)..\node_modules\neact-native-permissionsios/**",
					"$(SRCROOT)..\node_modules\neact-native-fs/**",
					"$(SRCROOT)..\node_modules\neact-native-fast-imageiosFastImage/**",
					"$(SRCROOT)..\node_modules\neact-native-spinkitios/**",
					"$(SRCROOT)..\node_modules@react-native-community\async-storageios",
					"$(SRCROOT)..\node_modules\neact-native-background-downloaderios",
					"$(SRCROOT)..\node_modules\neact-native-mapslibios/**",
					"$(SRCROOT)..\node_modules\neact-native-camera-kitioslibReactNativeCameraKit",
					"$(SRCROOT)..\node_modules\neact-native-document-pickeriosRNDocumentPicker",
					"$(SRCROOT)/../node_modules/@react-native-community/netinfo/ios",
					"$(SRCROOT)..\node_modules\neact-native-fetch-blobios/**",
					"$(SRCROOT)..\node_modules\neact-native-google-placesios",
					"$(SRCROOT)..\node_modules\neact-native-randombytes",
					"$(SRCROOT)..\node_modules\neact-native-webrtciosRCTWebRTC/**",
					"$(SRCROOT)..\node_modules\neact-native-image-pickerios",
					"$(SRCROOT)..\node_modules\neact-native-image-resizeriosRCTImageResizer",
					"$(SRCROOT)/../node_modules/react-native-firebase/ios/RNFirebase/**",
					"$(SRCROOT)/../node_modules/react-native-randombytes",
					"$(SRCROOT)/../node_modules/@react-native-community/async-storage/ios",
					"$(SRCROOT)/../node_modules/@react-native-community/netinfo/ios",
					"$(SRCROOT)/../node_modules/react-native-camera/ios/**",
					"$(SRCROOT)/../node_modules/react-native-camera-kit/ios/lib/ReactNativeCameraKit",
					"$(SRCROOT)/../node_modules/react-native-document-picker/ios/RNDocumentPicker",
					"$(SRCROOT)/../node_modules/react-native-fast-image/ios/FastImage/**",
					"$(SRCROOT)/../node_modules/react-native-fetch-blob/ios/**",
					"$(SRCROOT)/../node_modules/react-native-fs/**",
					"$(SRCROOT)/../node_modules/react-native-gesture-handler/ios/**",
					"$(SRCROOT)/../node_modules/react-native-google-places/ios",
					"$(SRCROOT)/../node_modules/react-native-image-picker/ios",
					"$(SRCROOT)/../node_modules/react-native-image-resizer/ios/RCTImageResizer",
					"$(SRCROOT)/../node_modules/react-native-maps/lib/ios/**",
					"$(SRCROOT)/../node_modules/react-native-spinkit/ios/**",
					"$(SRCROOT)/../node_modules/react-native-svg/ios/**",
					"$(SRCROOT)/../node_modules/react-native-vector-icons/RNVectorIconsManager",
					"$(SRCROOT)/../node_modules/react-native-webrtc/ios/RCTWebRTC/**",
					"$(SRCROOT)/../node_modules/react-native-firebase/ios/RNFirebase/**",
				);
				INFOPLIST_FILE = "mono-tvOS/Info.plist";
				LD_RUNPATH_SEARCH_PATHS = "$(inherited) @executable_path/Frameworks";
				LIBRARY_SEARCH_PATHS = "$(inherited)";
				OTHER_LDFLAGS = (
					"-ObjC",
					"-lc++",
				);
				PRODUCT_BUNDLE_IDENTIFIER = "com.facebook.REACT.mono-tvOS";
				PRODUCT_NAME = "$(TARGET_NAME)";
				SDKROOT = appletvos;
				TARGETED_DEVICE_FAMILY = 3;
				TVOS_DEPLOYMENT_TARGET = 9.2;
			};
			name = Debug;
		};
		2D02E4981E0B4A5E006451C7 /* Release */ = {
			isa = XCBuildConfiguration;
			buildSettings = {
				ASSETCATALOG_COMPILER_APPICON_NAME = "App Icon & Top Shelf Image";
				ASSETCATALOG_COMPILER_LAUNCHIMAGE_NAME = LaunchImage;
				CLANG_ANALYZER_NONNULL = YES;
				CLANG_WARN_DOCUMENTATION_COMMENTS = YES;
				CLANG_WARN_INFINITE_RECURSION = YES;
				CLANG_WARN_SUSPICIOUS_MOVE = YES;
				COPY_PHASE_STRIP = NO;
				DEBUG_INFORMATION_FORMAT = "dwarf-with-dsym";
				GCC_NO_COMMON_BLOCKS = YES;
				HEADER_SEARCH_PATHS = (
					"$(inherited)",
					"$(SRCROOT)..\node_modules\neact-native-firebaseiosRNFirebase/**",
					"$(SRCROOT)..\node_modules\neact-native-gesture-handlerios/**",
					"$(SRCROOT)..\node_modules\neact-native-vector-iconsRNVectorIconsManager",
					"$(SRCROOT)..\node_modules\neact-native-svgios/**",
					"$(SRCROOT)..\node_modules\neact-native-sensitive-infoiosRNSensitiveInfo",
					"$(SRCROOT)..\node_modules\neact-native-cameraios/**",
					"$(SRCROOT)..\node_modules\neact-native-permissionsios/**",
					"$(SRCROOT)..\node_modules\neact-native-fs/**",
					"$(SRCROOT)..\node_modules\neact-native-fast-imageiosFastImage/**",
					"$(SRCROOT)..\node_modules\neact-native-spinkitios/**",
					"$(SRCROOT)..\node_modules@react-native-community\async-storageios",
					"$(SRCROOT)..\node_modules\neact-native-background-downloaderios",
					"$(SRCROOT)..\node_modules\neact-native-mapslibios/**",
					"$(SRCROOT)..\node_modules\neact-native-camera-kitioslibReactNativeCameraKit",
					"$(SRCROOT)..\node_modules\neact-native-document-pickeriosRNDocumentPicker",
					"$(SRCROOT)/../node_modules/@react-native-community/netinfo/ios",
					"$(SRCROOT)..\node_modules\neact-native-fetch-blobios/**",
					"$(SRCROOT)..\node_modules\neact-native-google-placesios",
					"$(SRCROOT)..\node_modules\neact-native-randombytes",
					"$(SRCROOT)..\node_modules\neact-native-webrtciosRCTWebRTC/**",
					"$(SRCROOT)..\node_modules\neact-native-image-pickerios",
					"$(SRCROOT)..\node_modules\neact-native-image-resizeriosRCTImageResizer",
					"$(SRCROOT)/../node_modules/react-native-firebase/ios/RNFirebase/**",
					"$(SRCROOT)/../node_modules/react-native-randombytes",
					"$(SRCROOT)/../node_modules/@react-native-community/async-storage/ios",
					"$(SRCROOT)/../node_modules/@react-native-community/netinfo/ios",
					"$(SRCROOT)/../node_modules/react-native-camera/ios/**",
					"$(SRCROOT)/../node_modules/react-native-camera-kit/ios/lib/ReactNativeCameraKit",
					"$(SRCROOT)/../node_modules/react-native-document-picker/ios/RNDocumentPicker",
					"$(SRCROOT)/../node_modules/react-native-fast-image/ios/FastImage/**",
					"$(SRCROOT)/../node_modules/react-native-fetch-blob/ios/**",
					"$(SRCROOT)/../node_modules/react-native-fs/**",
					"$(SRCROOT)/../node_modules/react-native-gesture-handler/ios/**",
					"$(SRCROOT)/../node_modules/react-native-google-places/ios",
					"$(SRCROOT)/../node_modules/react-native-image-picker/ios",
					"$(SRCROOT)/../node_modules/react-native-image-resizer/ios/RCTImageResizer",
					"$(SRCROOT)/../node_modules/react-native-maps/lib/ios/**",
					"$(SRCROOT)/../node_modules/react-native-spinkit/ios/**",
					"$(SRCROOT)/../node_modules/react-native-svg/ios/**",
					"$(SRCROOT)/../node_modules/react-native-vector-icons/RNVectorIconsManager",
					"$(SRCROOT)/../node_modules/react-native-webrtc/ios/RCTWebRTC/**",
					"$(SRCROOT)/../node_modules/react-native-firebase/ios/RNFirebase/**",
				);
				INFOPLIST_FILE = "mono-tvOS/Info.plist";
				LD_RUNPATH_SEARCH_PATHS = "$(inherited) @executable_path/Frameworks";
				LIBRARY_SEARCH_PATHS = "$(inherited)";
				OTHER_LDFLAGS = (
					"-ObjC",
					"-lc++",
				);
				PRODUCT_BUNDLE_IDENTIFIER = "com.facebook.REACT.mono-tvOS";
				PRODUCT_NAME = "$(TARGET_NAME)";
				SDKROOT = appletvos;
				TARGETED_DEVICE_FAMILY = 3;
				TVOS_DEPLOYMENT_TARGET = 9.2;
			};
			name = Release;
		};
		2D02E4991E0B4A5E006451C7 /* Debug */ = {
			isa = XCBuildConfiguration;
			buildSettings = {
				BUNDLE_LOADER = "$(TEST_HOST)";
				CLANG_ANALYZER_NONNULL = YES;
				CLANG_WARN_DOCUMENTATION_COMMENTS = YES;
				CLANG_WARN_INFINITE_RECURSION = YES;
				CLANG_WARN_SUSPICIOUS_MOVE = YES;
				DEBUG_INFORMATION_FORMAT = dwarf;
				ENABLE_TESTABILITY = YES;
				GCC_NO_COMMON_BLOCKS = YES;
				HEADER_SEARCH_PATHS = (
					"$(inherited)",
					"$(SRCROOT)..\node_modules\neact-native-firebaseiosRNFirebase/**",
					"$(SRCROOT)..\node_modules\neact-native-gesture-handlerios/**",
					"$(SRCROOT)..\node_modules\neact-native-vector-iconsRNVectorIconsManager",
					"$(SRCROOT)..\node_modules\neact-native-svgios/**",
					"$(SRCROOT)..\node_modules\neact-native-sensitive-infoiosRNSensitiveInfo",
					"$(SRCROOT)..\node_modules\neact-native-cameraios/**",
					"$(SRCROOT)..\node_modules\neact-native-permissionsios/**",
					"$(SRCROOT)..\node_modules\neact-native-fs/**",
					"$(SRCROOT)..\node_modules\neact-native-fast-imageiosFastImage/**",
					"$(SRCROOT)..\node_modules\neact-native-spinkitios/**",
					"$(SRCROOT)..\node_modules@react-native-community\async-storageios",
					"$(SRCROOT)..\node_modules\neact-native-background-downloaderios",
					"$(SRCROOT)..\node_modules\neact-native-mapslibios/**",
					"$(SRCROOT)..\node_modules\neact-native-camera-kitioslibReactNativeCameraKit",
					"$(SRCROOT)..\node_modules\neact-native-document-pickeriosRNDocumentPicker",
					"$(SRCROOT)/../node_modules/@react-native-community/netinfo/ios",
					"$(SRCROOT)..\node_modules\neact-native-fetch-blobios/**",
					"$(SRCROOT)..\node_modules\neact-native-google-placesios",
					"$(SRCROOT)..\node_modules\neact-native-randombytes",
					"$(SRCROOT)..\node_modules\neact-native-webrtciosRCTWebRTC/**",
					"$(SRCROOT)..\node_modules\neact-native-image-pickerios",
					"$(SRCROOT)..\node_modules\neact-native-image-resizeriosRCTImageResizer",
					"$(SRCROOT)/../node_modules/react-native-firebase/ios/RNFirebase/**",
					"$(SRCROOT)/../node_modules/react-native-randombytes",
					"$(SRCROOT)/../node_modules/@react-native-community/async-storage/ios",
					"$(SRCROOT)/../node_modules/@react-native-community/netinfo/ios",
					"$(SRCROOT)/../node_modules/react-native-camera/ios/**",
					"$(SRCROOT)/../node_modules/react-native-camera-kit/ios/lib/ReactNativeCameraKit",
					"$(SRCROOT)/../node_modules/react-native-document-picker/ios/RNDocumentPicker",
					"$(SRCROOT)/../node_modules/react-native-fast-image/ios/FastImage/**",
					"$(SRCROOT)/../node_modules/react-native-fetch-blob/ios/**",
					"$(SRCROOT)/../node_modules/react-native-fs/**",
					"$(SRCROOT)/../node_modules/react-native-gesture-handler/ios/**",
					"$(SRCROOT)/../node_modules/react-native-google-places/ios",
					"$(SRCROOT)/../node_modules/react-native-image-picker/ios",
					"$(SRCROOT)/../node_modules/react-native-image-resizer/ios/RCTImageResizer",
					"$(SRCROOT)/../node_modules/react-native-maps/lib/ios/**",
					"$(SRCROOT)/../node_modules/react-native-spinkit/ios/**",
					"$(SRCROOT)/../node_modules/react-native-svg/ios/**",
					"$(SRCROOT)/../node_modules/react-native-vector-icons/RNVectorIconsManager",
					"$(SRCROOT)/../node_modules/react-native-webrtc/ios/RCTWebRTC/**",
					"$(SRCROOT)/../node_modules/react-native-firebase/ios/RNFirebase/**",
				);
				INFOPLIST_FILE = "mono-tvOSTests/Info.plist";
				LD_RUNPATH_SEARCH_PATHS = "$(inherited) @executable_path/Frameworks @loader_path/Frameworks";
				LIBRARY_SEARCH_PATHS = "$(inherited)";
				OTHER_LDFLAGS = (
					"-ObjC",
					"-lc++",
				);
				PRODUCT_BUNDLE_IDENTIFIER = "com.facebook.REACT.mono-tvOSTests";
				PRODUCT_NAME = "$(TARGET_NAME)";
				SDKROOT = appletvos;
				TEST_HOST = "$(BUILT_PRODUCTS_DIR)/mono-tvOS.app/mono-tvOS";
				TVOS_DEPLOYMENT_TARGET = 10.1;
			};
			name = Debug;
		};
		2D02E49A1E0B4A5E006451C7 /* Release */ = {
			isa = XCBuildConfiguration;
			buildSettings = {
				BUNDLE_LOADER = "$(TEST_HOST)";
				CLANG_ANALYZER_NONNULL = YES;
				CLANG_WARN_DOCUMENTATION_COMMENTS = YES;
				CLANG_WARN_INFINITE_RECURSION = YES;
				CLANG_WARN_SUSPICIOUS_MOVE = YES;
				COPY_PHASE_STRIP = NO;
				DEBUG_INFORMATION_FORMAT = "dwarf-with-dsym";
				GCC_NO_COMMON_BLOCKS = YES;
				HEADER_SEARCH_PATHS = (
					"$(inherited)",
					"$(SRCROOT)..\node_modules\neact-native-firebaseiosRNFirebase/**",
					"$(SRCROOT)..\node_modules\neact-native-gesture-handlerios/**",
					"$(SRCROOT)..\node_modules\neact-native-vector-iconsRNVectorIconsManager",
					"$(SRCROOT)..\node_modules\neact-native-svgios/**",
					"$(SRCROOT)..\node_modules\neact-native-sensitive-infoiosRNSensitiveInfo",
					"$(SRCROOT)..\node_modules\neact-native-cameraios/**",
					"$(SRCROOT)..\node_modules\neact-native-permissionsios/**",
					"$(SRCROOT)..\node_modules\neact-native-fs/**",
					"$(SRCROOT)..\node_modules\neact-native-fast-imageiosFastImage/**",
					"$(SRCROOT)..\node_modules\neact-native-spinkitios/**",
					"$(SRCROOT)..\node_modules@react-native-community\async-storageios",
					"$(SRCROOT)..\node_modules\neact-native-background-downloaderios",
					"$(SRCROOT)..\node_modules\neact-native-mapslibios/**",
					"$(SRCROOT)..\node_modules\neact-native-camera-kitioslibReactNativeCameraKit",
					"$(SRCROOT)..\node_modules\neact-native-document-pickeriosRNDocumentPicker",
					"$(SRCROOT)/../node_modules/@react-native-community/netinfo/ios",
					"$(SRCROOT)..\node_modules\neact-native-fetch-blobios/**",
					"$(SRCROOT)..\node_modules\neact-native-google-placesios",
					"$(SRCROOT)..\node_modules\neact-native-randombytes",
					"$(SRCROOT)..\node_modules\neact-native-webrtciosRCTWebRTC/**",
					"$(SRCROOT)..\node_modules\neact-native-image-pickerios",
					"$(SRCROOT)..\node_modules\neact-native-image-resizeriosRCTImageResizer",
					"$(SRCROOT)/../node_modules/react-native-firebase/ios/RNFirebase/**",
					"$(SRCROOT)/../node_modules/react-native-randombytes",
					"$(SRCROOT)/../node_modules/@react-native-community/async-storage/ios",
					"$(SRCROOT)/../node_modules/@react-native-community/netinfo/ios",
					"$(SRCROOT)/../node_modules/react-native-camera/ios/**",
					"$(SRCROOT)/../node_modules/react-native-camera-kit/ios/lib/ReactNativeCameraKit",
					"$(SRCROOT)/../node_modules/react-native-document-picker/ios/RNDocumentPicker",
					"$(SRCROOT)/../node_modules/react-native-fast-image/ios/FastImage/**",
					"$(SRCROOT)/../node_modules/react-native-fetch-blob/ios/**",
					"$(SRCROOT)/../node_modules/react-native-fs/**",
					"$(SRCROOT)/../node_modules/react-native-gesture-handler/ios/**",
					"$(SRCROOT)/../node_modules/react-native-google-places/ios",
					"$(SRCROOT)/../node_modules/react-native-image-picker/ios",
					"$(SRCROOT)/../node_modules/react-native-image-resizer/ios/RCTImageResizer",
					"$(SRCROOT)/../node_modules/react-native-maps/lib/ios/**",
					"$(SRCROOT)/../node_modules/react-native-spinkit/ios/**",
					"$(SRCROOT)/../node_modules/react-native-svg/ios/**",
					"$(SRCROOT)/../node_modules/react-native-vector-icons/RNVectorIconsManager",
					"$(SRCROOT)/../node_modules/react-native-webrtc/ios/RCTWebRTC/**",
					"$(SRCROOT)/../node_modules/react-native-firebase/ios/RNFirebase/**",
				);
				INFOPLIST_FILE = "mono-tvOSTests/Info.plist";
				LD_RUNPATH_SEARCH_PATHS = "$(inherited) @executable_path/Frameworks @loader_path/Frameworks";
				LIBRARY_SEARCH_PATHS = "$(inherited)";
				OTHER_LDFLAGS = (
					"-ObjC",
					"-lc++",
				);
				PRODUCT_BUNDLE_IDENTIFIER = "com.facebook.REACT.mono-tvOSTests";
				PRODUCT_NAME = "$(TARGET_NAME)";
				SDKROOT = appletvos;
				TEST_HOST = "$(BUILT_PRODUCTS_DIR)/mono-tvOS.app/mono-tvOS";
				TVOS_DEPLOYMENT_TARGET = 10.1;
			};
			name = Release;
		};
		83CBBA201A601CBA00E9B192 /* Debug */ = {
			isa = XCBuildConfiguration;
			buildSettings = {
				ALWAYS_SEARCH_USER_PATHS = NO;
				CLANG_CXX_LANGUAGE_STANDARD = "gnu++0x";
				CLANG_CXX_LIBRARY = "libc++";
				CLANG_ENABLE_MODULES = YES;
				CLANG_ENABLE_OBJC_ARC = YES;
				CLANG_WARN_BLOCK_CAPTURE_AUTORELEASING = YES;
				CLANG_WARN_BOOL_CONVERSION = YES;
				CLANG_WARN_COMMA = YES;
				CLANG_WARN_CONSTANT_CONVERSION = YES;
				CLANG_WARN_DEPRECATED_OBJC_IMPLEMENTATIONS = YES;
				CLANG_WARN_DIRECT_OBJC_ISA_USAGE = YES_ERROR;
				CLANG_WARN_EMPTY_BODY = YES;
				CLANG_WARN_ENUM_CONVERSION = YES;
				CLANG_WARN_INFINITE_RECURSION = YES;
				CLANG_WARN_INT_CONVERSION = YES;
				CLANG_WARN_NON_LITERAL_NULL_CONVERSION = YES;
				CLANG_WARN_OBJC_IMPLICIT_RETAIN_SELF = YES;
				CLANG_WARN_OBJC_LITERAL_CONVERSION = YES;
				CLANG_WARN_OBJC_ROOT_CLASS = YES_ERROR;
				CLANG_WARN_RANGE_LOOP_ANALYSIS = YES;
				CLANG_WARN_STRICT_PROTOTYPES = YES;
				CLANG_WARN_SUSPICIOUS_MOVE = YES;
				CLANG_WARN_UNREACHABLE_CODE = YES;
				CLANG_WARN__DUPLICATE_METHOD_MATCH = YES;
				"CODE_SIGN_IDENTITY[sdk=iphoneos*]" = "iPhone Developer";
				COPY_PHASE_STRIP = NO;
				ENABLE_STRICT_OBJC_MSGSEND = YES;
				ENABLE_TESTABILITY = YES;
				GCC_C_LANGUAGE_STANDARD = gnu99;
				GCC_DYNAMIC_NO_PIC = NO;
				GCC_NO_COMMON_BLOCKS = YES;
				GCC_OPTIMIZATION_LEVEL = 0;
				GCC_PREPROCESSOR_DEFINITIONS = (
					"DEBUG=1",
					"$(inherited)",
				);
				GCC_SYMBOLS_PRIVATE_EXTERN = NO;
				GCC_WARN_64_TO_32_BIT_CONVERSION = YES;
				GCC_WARN_ABOUT_RETURN_TYPE = YES_ERROR;
				GCC_WARN_UNDECLARED_SELECTOR = YES;
				GCC_WARN_UNINITIALIZED_AUTOS = YES_AGGRESSIVE;
				GCC_WARN_UNUSED_FUNCTION = YES;
				GCC_WARN_UNUSED_VARIABLE = YES;
				IPHONEOS_DEPLOYMENT_TARGET = 9.0;
				MTL_ENABLE_DEBUG_INFO = YES;
				ONLY_ACTIVE_ARCH = YES;
				SDKROOT = iphoneos;
			};
			name = Debug;
		};
		83CBBA211A601CBA00E9B192 /* Release */ = {
			isa = XCBuildConfiguration;
			buildSettings = {
				ALWAYS_SEARCH_USER_PATHS = NO;
				CLANG_CXX_LANGUAGE_STANDARD = "gnu++0x";
				CLANG_CXX_LIBRARY = "libc++";
				CLANG_ENABLE_MODULES = YES;
				CLANG_ENABLE_OBJC_ARC = YES;
				CLANG_WARN_BLOCK_CAPTURE_AUTORELEASING = YES;
				CLANG_WARN_BOOL_CONVERSION = YES;
				CLANG_WARN_COMMA = YES;
				CLANG_WARN_CONSTANT_CONVERSION = YES;
				CLANG_WARN_DEPRECATED_OBJC_IMPLEMENTATIONS = YES;
				CLANG_WARN_DIRECT_OBJC_ISA_USAGE = YES_ERROR;
				CLANG_WARN_EMPTY_BODY = YES;
				CLANG_WARN_ENUM_CONVERSION = YES;
				CLANG_WARN_INFINITE_RECURSION = YES;
				CLANG_WARN_INT_CONVERSION = YES;
				CLANG_WARN_NON_LITERAL_NULL_CONVERSION = YES;
				CLANG_WARN_OBJC_IMPLICIT_RETAIN_SELF = YES;
				CLANG_WARN_OBJC_LITERAL_CONVERSION = YES;
				CLANG_WARN_OBJC_ROOT_CLASS = YES_ERROR;
				CLANG_WARN_RANGE_LOOP_ANALYSIS = YES;
				CLANG_WARN_STRICT_PROTOTYPES = YES;
				CLANG_WARN_SUSPICIOUS_MOVE = YES;
				CLANG_WARN_UNREACHABLE_CODE = YES;
				CLANG_WARN__DUPLICATE_METHOD_MATCH = YES;
				"CODE_SIGN_IDENTITY[sdk=iphoneos*]" = "iPhone Developer";
				COPY_PHASE_STRIP = YES;
				ENABLE_NS_ASSERTIONS = NO;
				ENABLE_STRICT_OBJC_MSGSEND = YES;
				GCC_C_LANGUAGE_STANDARD = gnu99;
				GCC_NO_COMMON_BLOCKS = YES;
				GCC_WARN_64_TO_32_BIT_CONVERSION = YES;
				GCC_WARN_ABOUT_RETURN_TYPE = YES_ERROR;
				GCC_WARN_UNDECLARED_SELECTOR = YES;
				GCC_WARN_UNINITIALIZED_AUTOS = YES_AGGRESSIVE;
				GCC_WARN_UNUSED_FUNCTION = YES;
				GCC_WARN_UNUSED_VARIABLE = YES;
				IPHONEOS_DEPLOYMENT_TARGET = 9.0;
				MTL_ENABLE_DEBUG_INFO = NO;
				SDKROOT = iphoneos;
				VALIDATE_PRODUCT = YES;
			};
			name = Release;
		};
/* End XCBuildConfiguration section */

/* Begin XCConfigurationList section */
		00E357021AD99517003FC87E /* Build configuration list for PBXNativeTarget "monoTests" */ = {
			isa = XCConfigurationList;
			buildConfigurations = (
				00E356F61AD99517003FC87E /* Debug */,
				00E356F71AD99517003FC87E /* Release */,
			);
			defaultConfigurationIsVisible = 0;
			defaultConfigurationName = Release;
		};
		13B07F931A680F5B00A75B9A /* Build configuration list for PBXNativeTarget "mono" */ = {
			isa = XCConfigurationList;
			buildConfigurations = (
				13B07F941A680F5B00A75B9A /* Debug */,
				13B07F951A680F5B00A75B9A /* Release */,
			);
			defaultConfigurationIsVisible = 0;
			defaultConfigurationName = Release;
		};
		2D02E4BA1E0B4A5E006451C7 /* Build configuration list for PBXNativeTarget "mono-tvOS" */ = {
			isa = XCConfigurationList;
			buildConfigurations = (
				2D02E4971E0B4A5E006451C7 /* Debug */,
				2D02E4981E0B4A5E006451C7 /* Release */,
			);
			defaultConfigurationIsVisible = 0;
			defaultConfigurationName = Release;
		};
		2D02E4BB1E0B4A5E006451C7 /* Build configuration list for PBXNativeTarget "mono-tvOSTests" */ = {
			isa = XCConfigurationList;
			buildConfigurations = (
				2D02E4991E0B4A5E006451C7 /* Debug */,
				2D02E49A1E0B4A5E006451C7 /* Release */,
			);
			defaultConfigurationIsVisible = 0;
			defaultConfigurationName = Release;
		};
		83CBB9FA1A601CBA00E9B192 /* Build configuration list for PBXProject "mono" */ = {
			isa = XCConfigurationList;
			buildConfigurations = (
				83CBBA201A601CBA00E9B192 /* Debug */,
				83CBBA211A601CBA00E9B192 /* Release */,
			);
			defaultConfigurationIsVisible = 0;
			defaultConfigurationName = Release;
		};
/* End XCConfigurationList section */
	};
	rootObject = 83CBB9F71A601CBA00E9B192 /* Project object */;
}
